// !$*UTF8*$!
{
	archiveVersion = 1;
	classes = {
	};
	objectVersion = 46;
	objects = {

/* Begin PBXBuildFile section */
		292C8DA1186DB2CA008C549B /* LRBaseService.m in Sources */ = {isa = PBXBuildFile; fileRef = 292C8D98186DB2CA008C549B /* LRBaseService.m */; };
		292C8DA2186DB2CA008C549B /* LRBatchSession.m in Sources */ = {isa = PBXBuildFile; fileRef = 292C8D99186DB2CA008C549B /* LRBatchSession.m */; };
		292C8DA3186DB2CA008C549B /* LRHttpUtil.m in Sources */ = {isa = PBXBuildFile; fileRef = 292C8D9A186DB2CA008C549B /* LRHttpUtil.m */; };
		292C8DA4186DB2CA008C549B /* LRSession.m in Sources */ = {isa = PBXBuildFile; fileRef = 292C8D9B186DB2CA008C549B /* LRSession.m */; };
		292C8DA5186DB2CA008C549B /* LRMicroblogsentryService_v62.m in Sources */ = {isa = PBXBuildFile; fileRef = 292C8DA0186DB2CA008C549B /* LRMicroblogsentryService_v62.m */; };
		292C8DAC186DB629008C549B /* GetMicroblogsCallback.m in Sources */ = {isa = PBXBuildFile; fileRef = 292C8DAB186DB629008C549B /* GetMicroblogsCallback.m */; };
		7520D262188EB9F300E191B0 /* Default-568h@2x.png in Resources */ = {isa = PBXBuildFile; fileRef = 7520D261188EB9F300E191B0 /* Default-568h@2x.png */; };
		7520D265188EBEEE00E191B0 /* Default.png in Resources */ = {isa = PBXBuildFile; fileRef = 7520D263188EBEEE00E191B0 /* Default.png */; };
		7520D266188EBEEE00E191B0 /* Default@2x.png in Resources */ = {isa = PBXBuildFile; fileRef = 7520D264188EBEEE00E191B0 /* Default@2x.png */; };
		CC1CCBA71896FFD400C8B364 /* DateUtil.m in Sources */ = {isa = PBXBuildFile; fileRef = CC1CCBA51896FFD400C8B364 /* DateUtil.m */; };
		CC31CBC117454E11006CDD4B /* PrefsUtil.m in Sources */ = {isa = PBXBuildFile; fileRef = CC31CBC017454E11006CDD4B /* PrefsUtil.m */; };
		CC31CBC417454E78006CDD4B /* Validator.m in Sources */ = {isa = PBXBuildFile; fileRef = CC31CBC317454E78006CDD4B /* Validator.m */; };
		CC4B4F711746BF11008C06C6 /* MicroblogsEntry.m in Sources */ = {isa = PBXBuildFile; fileRef = CC4B4F701746BF11008C06C6 /* MicroblogsEntry.m */; };
		CCAB24BF17443E48001F0F3D /* UIKit.framework in Frameworks */ = {isa = PBXBuildFile; fileRef = CCAB24BE17443E48001F0F3D /* UIKit.framework */; };
		CCAB24C117443E48001F0F3D /* Foundation.framework in Frameworks */ = {isa = PBXBuildFile; fileRef = CCAB24C017443E48001F0F3D /* Foundation.framework */; };
		CCAB24C317443E48001F0F3D /* CoreGraphics.framework in Frameworks */ = {isa = PBXBuildFile; fileRef = CCAB24C217443E48001F0F3D /* CoreGraphics.framework */; };
		CCB2A2DB174D455A006C3486 /* ContactsTableViewController.m in Sources */ = {isa = PBXBuildFile; fileRef = CCB2A2DA174D455A006C3486 /* ContactsTableViewController.m */; };
		CCB2A2E1174D566B006C3486 /* User.m in Sources */ = {isa = PBXBuildFile; fileRef = CCB2A2DE174D566B006C3486 /* User.m */; };
		CCE3A7A2174440D80022B6BF /* LiferaySocialAppDelegate.m in Sources */ = {isa = PBXBuildFile; fileRef = CCE3A793174440D80022B6BF /* LiferaySocialAppDelegate.m */; };
		CCE3A7A6174440D80022B6BF /* first.png in Resources */ = {isa = PBXBuildFile; fileRef = CCE3A798174440D80022B6BF /* first.png */; };
		CCE3A7A7174440D80022B6BF /* first@2x.png in Resources */ = {isa = PBXBuildFile; fileRef = CCE3A799174440D80022B6BF /* first@2x.png */; };
		CCE3A7AB174440D80022B6BF /* main.m in Sources */ = {isa = PBXBuildFile; fileRef = CCE3A79F174440D80022B6BF /* main.m */; };
		CCE3A7AE174442F80022B6BF /* MicroblogsTableViewController.m in Sources */ = {isa = PBXBuildFile; fileRef = CCE3A7AD174442F80022B6BF /* MicroblogsTableViewController.m */; };
		CCE3A7CF17454AB20022B6BF /* MobileCoreServices.framework in Frameworks */ = {isa = PBXBuildFile; fileRef = CCE3A7CD17454AB20022B6BF /* MobileCoreServices.framework */; };
		CCE3A7D017454AB20022B6BF /* SystemConfiguration.framework in Frameworks */ = {isa = PBXBuildFile; fileRef = CCE3A7CE17454AB20022B6BF /* SystemConfiguration.framework */; };
		CCE469A7177387E800B6FCDA /* DetailsTableViewController.m in Sources */ = {isa = PBXBuildFile; fileRef = CCE469A6177387E800B6FCDA /* DetailsTableViewController.m */; };
		CCFB45C31899730D0037414C /* LREntryService_v62.m in Sources */ = {isa = PBXBuildFile; fileRef = CCFB45C21899730D0037414C /* LREntryService_v62.m */; };
		CCFB45C618997FED0037414C /* GetContactsCallback.m in Sources */ = {isa = PBXBuildFile; fileRef = CCFB45C518997FED0037414C /* GetContactsCallback.m */; };
		CCFB45C91899A1AC0037414C /* LRPhoneService_v62.m in Sources */ = {isa = PBXBuildFile; fileRef = CCFB45C81899A1AC0037414C /* LRPhoneService_v62.m */; };
		CCFB45CC1899A3F50037414C /* LRContactService_v62.m in Sources */ = {isa = PBXBuildFile; fileRef = CCFB45CB1899A3F50037414C /* LRContactService_v62.m */; };
		CCFB45CF1899A4920037414C /* GetDetailsCallback.m in Sources */ = {isa = PBXBuildFile; fileRef = CCFB45CE1899A4920037414C /* GetDetailsCallback.m */; };
		CCFB45D21899A60E0037414C /* Contact.m in Sources */ = {isa = PBXBuildFile; fileRef = CCFB45D11899A60E0037414C /* Contact.m */; };
		CCFB45D5189A80700037414C /* LRServiceFactory.m in Sources */ = {isa = PBXBuildFile; fileRef = CCFB45D4189A80700037414C /* LRServiceFactory.m */; };
		CCFB45DB189A85200037414C /* ProgressView.m in Sources */ = {isa = PBXBuildFile; fileRef = CCFB45DA189A85200037414C /* ProgressView.m */; };
/* End PBXBuildFile section */

/* Begin PBXFileReference section */
		292C8D92186DB2CA008C549B /* LRBaseService.h */ = {isa = PBXFileReference; fileEncoding = 4; lastKnownFileType = sourcecode.c.h; path = LRBaseService.h; sourceTree = "<group>"; };
		292C8D93186DB2CA008C549B /* LRBatchSession.h */ = {isa = PBXFileReference; fileEncoding = 4; lastKnownFileType = sourcecode.c.h; path = LRBatchSession.h; sourceTree = "<group>"; };
		292C8D94186DB2CA008C549B /* LRCallback.h */ = {isa = PBXFileReference; fileEncoding = 4; lastKnownFileType = sourcecode.c.h; path = LRCallback.h; sourceTree = "<group>"; };
		292C8D95186DB2CA008C549B /* LRHttpUtil.h */ = {isa = PBXFileReference; fileEncoding = 4; lastKnownFileType = sourcecode.c.h; path = LRHttpUtil.h; sourceTree = "<group>"; };
		292C8D96186DB2CA008C549B /* LRSession.h */ = {isa = PBXFileReference; fileEncoding = 4; lastKnownFileType = sourcecode.c.h; path = LRSession.h; sourceTree = "<group>"; };
		292C8D98186DB2CA008C549B /* LRBaseService.m */ = {isa = PBXFileReference; fileEncoding = 4; lastKnownFileType = sourcecode.c.objc; path = LRBaseService.m; sourceTree = "<group>"; };
		292C8D99186DB2CA008C549B /* LRBatchSession.m */ = {isa = PBXFileReference; fileEncoding = 4; lastKnownFileType = sourcecode.c.objc; path = LRBatchSession.m; sourceTree = "<group>"; };
		292C8D9A186DB2CA008C549B /* LRHttpUtil.m */ = {isa = PBXFileReference; fileEncoding = 4; lastKnownFileType = sourcecode.c.objc; path = LRHttpUtil.m; sourceTree = "<group>"; };
		292C8D9B186DB2CA008C549B /* LRSession.m */ = {isa = PBXFileReference; fileEncoding = 4; lastKnownFileType = sourcecode.c.objc; path = LRSession.m; sourceTree = "<group>"; };
		292C8D9E186DB2CA008C549B /* LRMicroblogsentryService_v62.h */ = {isa = PBXFileReference; fileEncoding = 4; lastKnownFileType = sourcecode.c.h; path = LRMicroblogsentryService_v62.h; sourceTree = "<group>"; };
		292C8DA0186DB2CA008C549B /* LRMicroblogsentryService_v62.m */ = {isa = PBXFileReference; fileEncoding = 4; lastKnownFileType = sourcecode.c.objc; path = LRMicroblogsentryService_v62.m; sourceTree = "<group>"; };
		292C8DAA186DB629008C549B /* GetMicroblogsCallback.h */ = {isa = PBXFileReference; fileEncoding = 4; lastKnownFileType = sourcecode.c.h; name = GetMicroblogsCallback.h; path = Callbacks/GetMicroblogsCallback.h; sourceTree = "<group>"; };
		292C8DAB186DB629008C549B /* GetMicroblogsCallback.m */ = {isa = PBXFileReference; fileEncoding = 4; lastKnownFileType = sourcecode.c.objc; name = GetMicroblogsCallback.m; path = Callbacks/GetMicroblogsCallback.m; sourceTree = "<group>"; };
		7520D261188EB9F300E191B0 /* Default-568h@2x.png */ = {isa = PBXFileReference; lastKnownFileType = image.png; path = "Default-568h@2x.png"; sourceTree = "<group>"; };
		7520D263188EBEEE00E191B0 /* Default.png */ = {isa = PBXFileReference; lastKnownFileType = image.png; path = Default.png; sourceTree = "<group>"; };
		7520D264188EBEEE00E191B0 /* Default@2x.png */ = {isa = PBXFileReference; lastKnownFileType = image.png; path = "Default@2x.png"; sourceTree = "<group>"; };
		CC1CCBA51896FFD400C8B364 /* DateUtil.m */ = {isa = PBXFileReference; fileEncoding = 4; lastKnownFileType = sourcecode.c.objc; path = DateUtil.m; sourceTree = "<group>"; };
		CC1CCBA61896FFD400C8B364 /* DateUtil.h */ = {isa = PBXFileReference; fileEncoding = 4; lastKnownFileType = sourcecode.c.h; path = DateUtil.h; sourceTree = "<group>"; };
		CC1CCBA8189704D900C8B364 /* UIDimensions.h */ = {isa = PBXFileReference; fileEncoding = 4; lastKnownFileType = sourcecode.c.h; path = UIDimensions.h; sourceTree = "<group>"; };
		CC31CBBF17454E11006CDD4B /* PrefsUtil.h */ = {isa = PBXFileReference; fileEncoding = 4; lastKnownFileType = sourcecode.c.h; path = PrefsUtil.h; sourceTree = "<group>"; };
		CC31CBC017454E11006CDD4B /* PrefsUtil.m */ = {isa = PBXFileReference; fileEncoding = 4; lastKnownFileType = sourcecode.c.objc; path = PrefsUtil.m; sourceTree = "<group>"; };
		CC31CBC217454E78006CDD4B /* Validator.h */ = {isa = PBXFileReference; fileEncoding = 4; lastKnownFileType = sourcecode.c.h; path = Validator.h; sourceTree = "<group>"; };
		CC31CBC317454E78006CDD4B /* Validator.m */ = {isa = PBXFileReference; fileEncoding = 4; lastKnownFileType = sourcecode.c.objc; path = Validator.m; sourceTree = "<group>"; };
		CC4B4F6F1746BF11008C06C6 /* MicroblogsEntry.h */ = {isa = PBXFileReference; fileEncoding = 4; lastKnownFileType = sourcecode.c.h; path = MicroblogsEntry.h; sourceTree = "<group>"; };
		CC4B4F701746BF11008C06C6 /* MicroblogsEntry.m */ = {isa = PBXFileReference; fileEncoding = 4; lastKnownFileType = sourcecode.c.objc; path = MicroblogsEntry.m; sourceTree = "<group>"; };
		CCAB24BB17443E48001F0F3D /* Liferay Social.app */ = {isa = PBXFileReference; explicitFileType = wrapper.application; includeInIndex = 0; path = "Liferay Social.app"; sourceTree = BUILT_PRODUCTS_DIR; };
		CCAB24BE17443E48001F0F3D /* UIKit.framework */ = {isa = PBXFileReference; lastKnownFileType = wrapper.framework; name = UIKit.framework; path = System/Library/Frameworks/UIKit.framework; sourceTree = SDKROOT; };
		CCAB24C017443E48001F0F3D /* Foundation.framework */ = {isa = PBXFileReference; lastKnownFileType = wrapper.framework; name = Foundation.framework; path = System/Library/Frameworks/Foundation.framework; sourceTree = SDKROOT; };
		CCAB24C217443E48001F0F3D /* CoreGraphics.framework */ = {isa = PBXFileReference; lastKnownFileType = wrapper.framework; name = CoreGraphics.framework; path = System/Library/Frameworks/CoreGraphics.framework; sourceTree = SDKROOT; };
		CCB2A2D9174D455A006C3486 /* ContactsTableViewController.h */ = {isa = PBXFileReference; fileEncoding = 4; lastKnownFileType = sourcecode.c.h; path = ContactsTableViewController.h; sourceTree = "<group>"; };
		CCB2A2DA174D455A006C3486 /* ContactsTableViewController.m */ = {isa = PBXFileReference; fileEncoding = 4; lastKnownFileType = sourcecode.c.objc; path = ContactsTableViewController.m; sourceTree = "<group>"; };
		CCB2A2DD174D566B006C3486 /* User.h */ = {isa = PBXFileReference; fileEncoding = 4; lastKnownFileType = sourcecode.c.h; path = User.h; sourceTree = "<group>"; };
		CCB2A2DE174D566B006C3486 /* User.m */ = {isa = PBXFileReference; fileEncoding = 4; lastKnownFileType = sourcecode.c.objc; path = User.m; sourceTree = "<group>"; };
		CCE3A792174440D80022B6BF /* LiferaySocialAppDelegate.h */ = {isa = PBXFileReference; fileEncoding = 4; lastKnownFileType = sourcecode.c.h; path = LiferaySocialAppDelegate.h; sourceTree = "<group>"; };
		CCE3A793174440D80022B6BF /* LiferaySocialAppDelegate.m */ = {isa = PBXFileReference; fileEncoding = 4; lastKnownFileType = sourcecode.c.objc; path = LiferaySocialAppDelegate.m; sourceTree = "<group>"; };
		CCE3A798174440D80022B6BF /* first.png */ = {isa = PBXFileReference; lastKnownFileType = image.png; path = first.png; sourceTree = "<group>"; };
		CCE3A799174440D80022B6BF /* first@2x.png */ = {isa = PBXFileReference; lastKnownFileType = image.png; path = "first@2x.png"; sourceTree = "<group>"; };
		CCE3A79D174440D80022B6BF /* Liferay Social-Info.plist */ = {isa = PBXFileReference; fileEncoding = 4; lastKnownFileType = text.plist.xml; path = "Liferay Social-Info.plist"; sourceTree = "<group>"; };
		CCE3A79E174440D80022B6BF /* Liferay Social-Prefix.pch */ = {isa = PBXFileReference; fileEncoding = 4; lastKnownFileType = sourcecode.c.h; path = "Liferay Social-Prefix.pch"; sourceTree = "<group>"; };
		CCE3A79F174440D80022B6BF /* main.m */ = {isa = PBXFileReference; fileEncoding = 4; lastKnownFileType = sourcecode.c.objc; path = main.m; sourceTree = "<group>"; };
		CCE3A7AC174442F80022B6BF /* MicroblogsTableViewController.h */ = {isa = PBXFileReference; fileEncoding = 4; lastKnownFileType = sourcecode.c.h; path = MicroblogsTableViewController.h; sourceTree = "<group>"; };
		CCE3A7AD174442F80022B6BF /* MicroblogsTableViewController.m */ = {isa = PBXFileReference; fileEncoding = 4; lastKnownFileType = sourcecode.c.objc; path = MicroblogsTableViewController.m; sourceTree = "<group>"; };
		CCE3A7CD17454AB20022B6BF /* MobileCoreServices.framework */ = {isa = PBXFileReference; lastKnownFileType = wrapper.framework; name = MobileCoreServices.framework; path = System/Library/Frameworks/MobileCoreServices.framework; sourceTree = SDKROOT; };
		CCE3A7CE17454AB20022B6BF /* SystemConfiguration.framework */ = {isa = PBXFileReference; lastKnownFileType = wrapper.framework; name = SystemConfiguration.framework; path = System/Library/Frameworks/SystemConfiguration.framework; sourceTree = SDKROOT; };
		CCE469A5177387E800B6FCDA /* DetailsTableViewController.h */ = {isa = PBXFileReference; fileEncoding = 4; lastKnownFileType = sourcecode.c.h; path = DetailsTableViewController.h; sourceTree = "<group>"; };
		CCE469A6177387E800B6FCDA /* DetailsTableViewController.m */ = {isa = PBXFileReference; fileEncoding = 4; lastKnownFileType = sourcecode.c.objc; path = DetailsTableViewController.m; sourceTree = "<group>"; };
		CCFB45C1189973050037414C /* LREntryService_v62.h */ = {isa = PBXFileReference; fileEncoding = 4; lastKnownFileType = sourcecode.c.h; path = LREntryService_v62.h; sourceTree = "<group>"; };
		CCFB45C21899730D0037414C /* LREntryService_v62.m */ = {isa = PBXFileReference; fileEncoding = 4; lastKnownFileType = sourcecode.c.objc; path = LREntryService_v62.m; sourceTree = "<group>"; };
		CCFB45C418997FED0037414C /* GetContactsCallback.h */ = {isa = PBXFileReference; fileEncoding = 4; lastKnownFileType = sourcecode.c.h; name = GetContactsCallback.h; path = Callbacks/GetContactsCallback.h; sourceTree = "<group>"; };
		CCFB45C518997FED0037414C /* GetContactsCallback.m */ = {isa = PBXFileReference; fileEncoding = 4; lastKnownFileType = sourcecode.c.objc; name = GetContactsCallback.m; path = Callbacks/GetContactsCallback.m; sourceTree = "<group>"; };
		CCFB45C71899A1A10037414C /* LRPhoneService_v62.h */ = {isa = PBXFileReference; fileEncoding = 4; lastKnownFileType = sourcecode.c.h; path = LRPhoneService_v62.h; sourceTree = "<group>"; };
		CCFB45C81899A1AC0037414C /* LRPhoneService_v62.m */ = {isa = PBXFileReference; fileEncoding = 4; lastKnownFileType = sourcecode.c.objc; path = LRPhoneService_v62.m; sourceTree = "<group>"; };
		CCFB45CA1899A3EF0037414C /* LRContactService_v62.h */ = {isa = PBXFileReference; fileEncoding = 4; lastKnownFileType = sourcecode.c.h; path = LRContactService_v62.h; sourceTree = "<group>"; };
		CCFB45CB1899A3F50037414C /* LRContactService_v62.m */ = {isa = PBXFileReference; fileEncoding = 4; lastKnownFileType = sourcecode.c.objc; path = LRContactService_v62.m; sourceTree = "<group>"; };
		CCFB45CD1899A4920037414C /* GetDetailsCallback.h */ = {isa = PBXFileReference; fileEncoding = 4; lastKnownFileType = sourcecode.c.h; name = GetDetailsCallback.h; path = Callbacks/GetDetailsCallback.h; sourceTree = "<group>"; };
		CCFB45CE1899A4920037414C /* GetDetailsCallback.m */ = {isa = PBXFileReference; fileEncoding = 4; lastKnownFileType = sourcecode.c.objc; name = GetDetailsCallback.m; path = Callbacks/GetDetailsCallback.m; sourceTree = "<group>"; };
		CCFB45D01899A60E0037414C /* Contact.h */ = {isa = PBXFileReference; fileEncoding = 4; lastKnownFileType = sourcecode.c.h; path = Contact.h; sourceTree = "<group>"; };
		CCFB45D11899A60E0037414C /* Contact.m */ = {isa = PBXFileReference; fileEncoding = 4; lastKnownFileType = sourcecode.c.objc; path = Contact.m; sourceTree = "<group>"; };
		CCFB45D3189A80670037414C /* LRServiceFactory.h */ = {isa = PBXFileReference; fileEncoding = 4; lastKnownFileType = sourcecode.c.h; path = LRServiceFactory.h; sourceTree = "<group>"; };
		CCFB45D4189A80700037414C /* LRServiceFactory.m */ = {isa = PBXFileReference; fileEncoding = 4; lastKnownFileType = sourcecode.c.objc; path = LRServiceFactory.m; sourceTree = "<group>"; };
		CCFB45D9189A85200037414C /* ProgressView.h */ = {isa = PBXFileReference; fileEncoding = 4; lastKnownFileType = sourcecode.c.h; path = ProgressView.h; sourceTree = "<group>"; };
		CCFB45DA189A85200037414C /* ProgressView.m */ = {isa = PBXFileReference; fileEncoding = 4; lastKnownFileType = sourcecode.c.objc; path = ProgressView.m; sourceTree = "<group>"; };
		CCFB45DC189A942F0037414C /* UIColors.h */ = {isa = PBXFileReference; fileEncoding = 4; lastKnownFileType = sourcecode.c.h; path = UIColors.h; sourceTree = "<group>"; };
/* End PBXFileReference section */

/* Begin PBXFrameworksBuildPhase section */
		CCAB24B817443E48001F0F3D /* Frameworks */ = {
			isa = PBXFrameworksBuildPhase;
			buildActionMask = 2147483647;
			files = (
				CCE3A7CF17454AB20022B6BF /* MobileCoreServices.framework in Frameworks */,
				CCE3A7D017454AB20022B6BF /* SystemConfiguration.framework in Frameworks */,
				CCAB24BF17443E48001F0F3D /* UIKit.framework in Frameworks */,
				CCAB24C117443E48001F0F3D /* Foundation.framework in Frameworks */,
				CCAB24C317443E48001F0F3D /* CoreGraphics.framework in Frameworks */,
			);
			runOnlyForDeploymentPostprocessing = 0;
		};
/* End PBXFrameworksBuildPhase section */

/* Begin PBXGroup section */
		292C8D8F186DB2CA008C549B /* Liferay Mobile SDK */ = {
			isa = PBXGroup;
			children = (
				292C8D90186DB2CA008C549B /* core */,
				292C8D9C186DB2CA008C549B /* v62 */,
			);
			path = "Liferay Mobile SDK";
			sourceTree = "<group>";
		};
		292C8D90186DB2CA008C549B /* core */ = {
			isa = PBXGroup;
			children = (
				292C8D91186DB2CA008C549B /* h */,
				292C8D97186DB2CA008C549B /* m */,
			);
			path = core;
			sourceTree = "<group>";
		};
		292C8D91186DB2CA008C549B /* h */ = {
			isa = PBXGroup;
			children = (
				292C8D92186DB2CA008C549B /* LRBaseService.h */,
				292C8D93186DB2CA008C549B /* LRBatchSession.h */,
				292C8D94186DB2CA008C549B /* LRCallback.h */,
				292C8D95186DB2CA008C549B /* LRHttpUtil.h */,
				292C8D96186DB2CA008C549B /* LRSession.h */,
				CCFB45D3189A80670037414C /* LRServiceFactory.h */,
			);
			path = h;
			sourceTree = "<group>";
		};
		292C8D97186DB2CA008C549B /* m */ = {
			isa = PBXGroup;
			children = (
				292C8D98186DB2CA008C549B /* LRBaseService.m */,
				292C8D99186DB2CA008C549B /* LRBatchSession.m */,
				292C8D9A186DB2CA008C549B /* LRHttpUtil.m */,
				292C8D9B186DB2CA008C549B /* LRSession.m */,
				CCFB45D4189A80700037414C /* LRServiceFactory.m */,
			);
			path = m;
			sourceTree = "<group>";
		};
		292C8D9C186DB2CA008C549B /* v62 */ = {
			isa = PBXGroup;
			children = (
				292C8D9D186DB2CA008C549B /* h */,
				292C8D9F186DB2CA008C549B /* m */,
			);
			path = v62;
			sourceTree = "<group>";
		};
		292C8D9D186DB2CA008C549B /* h */ = {
			isa = PBXGroup;
			children = (
				CCFB45CA1899A3EF0037414C /* LRContactService_v62.h */,
				CCFB45C1189973050037414C /* LREntryService_v62.h */,
				292C8D9E186DB2CA008C549B /* LRMicroblogsentryService_v62.h */,
				CCFB45C71899A1A10037414C /* LRPhoneService_v62.h */,
			);
			path = h;
			sourceTree = "<group>";
		};
		292C8D9F186DB2CA008C549B /* m */ = {
			isa = PBXGroup;
			children = (
				CCFB45CB1899A3F50037414C /* LRContactService_v62.m */,
				CCFB45C21899730D0037414C /* LREntryService_v62.m */,
				292C8DA0186DB2CA008C549B /* LRMicroblogsentryService_v62.m */,
				CCFB45C81899A1AC0037414C /* LRPhoneService_v62.m */,
			);
			path = m;
			sourceTree = "<group>";
		};
		292C8DA6186DB5BE008C549B /* Callbacks */ = {
			isa = PBXGroup;
			children = (
				CCFB45C418997FED0037414C /* GetContactsCallback.h */,
				CCFB45C518997FED0037414C /* GetContactsCallback.m */,
				CCFB45CD1899A4920037414C /* GetDetailsCallback.h */,
				CCFB45CE1899A4920037414C /* GetDetailsCallback.m */,
				292C8DAA186DB629008C549B /* GetMicroblogsCallback.h */,
				292C8DAB186DB629008C549B /* GetMicroblogsCallback.m */,
			);
			name = Callbacks;
			sourceTree = "<group>";
		};
		751D1B5F1890513100CB2591 /* Models */ = {
			isa = PBXGroup;
			children = (
				CCFB45D01899A60E0037414C /* Contact.h */,
				CCFB45D11899A60E0037414C /* Contact.m */,
				CC4B4F6F1746BF11008C06C6 /* MicroblogsEntry.h */,
				CC4B4F701746BF11008C06C6 /* MicroblogsEntry.m */,
				CCB2A2DD174D566B006C3486 /* User.h */,
				CCB2A2DE174D566B006C3486 /* User.m */,
			);
			path = Models;
			sourceTree = "<group>";
		};
		CC31CBB417454C64006CDD4B /* Util */ = {
			isa = PBXGroup;
			children = (
				CC1CCBA61896FFD400C8B364 /* DateUtil.h */,
				CC1CCBA51896FFD400C8B364 /* DateUtil.m */,
				CC31CBBF17454E11006CDD4B /* PrefsUtil.h */,
				CC31CBC017454E11006CDD4B /* PrefsUtil.m */,
				CCFB45DC189A942F0037414C /* UIColors.h */,
				CC1CCBA8189704D900C8B364 /* UIDimensions.h */,
				CC31CBC217454E78006CDD4B /* Validator.h */,
				CC31CBC317454E78006CDD4B /* Validator.m */,
			);
			path = Util;
			sourceTree = "<group>";
		};
		CCAB24B217443E48001F0F3D = {
			isa = PBXGroup;
			children = (
				CCAB24C417443E48001F0F3D /* Liferay Social */,
				CCAB24BD17443E48001F0F3D /* Frameworks */,
				CCAB24BC17443E48001F0F3D /* Products */,
			);
			sourceTree = "<group>";
		};
		CCAB24BC17443E48001F0F3D /* Products */ = {
			isa = PBXGroup;
			children = (
				CCAB24BB17443E48001F0F3D /* Liferay Social.app */,
			);
			name = Products;
			sourceTree = "<group>";
		};
		CCAB24BD17443E48001F0F3D /* Frameworks */ = {
			isa = PBXGroup;
			children = (
				CCAB24C217443E48001F0F3D /* CoreGraphics.framework */,
				CCAB24C017443E48001F0F3D /* Foundation.framework */,
				CCE3A7CD17454AB20022B6BF /* MobileCoreServices.framework */,
				CCE3A7CE17454AB20022B6BF /* SystemConfiguration.framework */,
				CCAB24BE17443E48001F0F3D /* UIKit.framework */,
			);
			name = Frameworks;
			sourceTree = "<group>";
		};
		CCAB24C417443E48001F0F3D /* Liferay Social */ = {
			isa = PBXGroup;
			children = (
				292C8DA6186DB5BE008C549B /* Callbacks */,
				CCE3A78C174440D80022B6BF /* Controllers */,
				CCE3A791174440D80022B6BF /* Delegates */,
				CCE3A794174440D80022B6BF /* Images */,
				CCE3A7AF17454A050022B6BF /* Libraries */,
				751D1B5F1890513100CB2591 /* Models */,
				CCE3A79C174440D80022B6BF /* Supporting Files */,
				CC31CBB417454C64006CDD4B /* Util */,
				CCFB45D6189A81D20037414C /* Views */,
			);
			name = "Liferay Social";
			sourceTree = SOURCE_ROOT;
		};
		CCE3A78C174440D80022B6BF /* Controllers */ = {
			isa = PBXGroup;
			children = (
				CCE469A5177387E800B6FCDA /* DetailsTableViewController.h */,
				CCE469A6177387E800B6FCDA /* DetailsTableViewController.m */,
				CCB2A2D9174D455A006C3486 /* ContactsTableViewController.h */,
				CCB2A2DA174D455A006C3486 /* ContactsTableViewController.m */,
				CCE3A7AC174442F80022B6BF /* MicroblogsTableViewController.h */,
				CCE3A7AD174442F80022B6BF /* MicroblogsTableViewController.m */,
			);
			path = Controllers;
			sourceTree = "<group>";
		};
		CCE3A791174440D80022B6BF /* Delegates */ = {
			isa = PBXGroup;
			children = (
				CCE3A792174440D80022B6BF /* LiferaySocialAppDelegate.h */,
				CCE3A793174440D80022B6BF /* LiferaySocialAppDelegate.m */,
			);
			path = Delegates;
			sourceTree = "<group>";
		};
		CCE3A794174440D80022B6BF /* Images */ = {
			isa = PBXGroup;
			children = (
				7520D263188EBEEE00E191B0 /* Default.png */,
				7520D264188EBEEE00E191B0 /* Default@2x.png */,
				7520D261188EB9F300E191B0 /* Default-568h@2x.png */,
				CCE3A798174440D80022B6BF /* first.png */,
				CCE3A799174440D80022B6BF /* first@2x.png */,
			);
			path = Images;
			sourceTree = "<group>";
		};
		CCE3A79C174440D80022B6BF /* Supporting Files */ = {
			isa = PBXGroup;
			children = (
				CCE3A79D174440D80022B6BF /* Liferay Social-Info.plist */,
				CCE3A79E174440D80022B6BF /* Liferay Social-Prefix.pch */,
				CCE3A79F174440D80022B6BF /* main.m */,
			);
			path = "Supporting Files";
			sourceTree = "<group>";
		};
		CCE3A7AF17454A050022B6BF /* Libraries */ = {
			isa = PBXGroup;
			children = (
				292C8D8F186DB2CA008C549B /* Liferay Mobile SDK */,
			);
			path = Libraries;
			sourceTree = "<group>";
		};
		CCFB45D6189A81D20037414C /* Views */ = {
			isa = PBXGroup;
			children = (
				CCFB45D9189A85200037414C /* ProgressView.h */,
				CCFB45DA189A85200037414C /* ProgressView.m */,
			);
			path = Views;
			sourceTree = "<group>";
		};
/* End PBXGroup section */

/* Begin PBXNativeTarget section */
		CCAB24BA17443E48001F0F3D /* Liferay Social */ = {
			isa = PBXNativeTarget;
			buildConfigurationList = CCAB24F217443E48001F0F3D /* Build configuration list for PBXNativeTarget "Liferay Social" */;
			buildPhases = (
				CCAB24B717443E48001F0F3D /* Sources */,
				CCAB24B817443E48001F0F3D /* Frameworks */,
				CCAB24B917443E48001F0F3D /* Resources */,
			);
			buildRules = (
			);
			dependencies = (
			);
			name = "Liferay Social";
			productName = "Liferay Social";
			productReference = CCAB24BB17443E48001F0F3D /* Liferay Social.app */;
			productType = "com.apple.product-type.application";
		};
/* End PBXNativeTarget section */

/* Begin PBXProject section */
		CCAB24B317443E48001F0F3D /* Project object */ = {
			isa = PBXProject;
			attributes = {
				LastUpgradeCheck = 0460;
				ORGANIZATIONNAME = "Bruno Farache";
			};
			buildConfigurationList = CCAB24B617443E48001F0F3D /* Build configuration list for PBXProject "Liferay Social" */;
			compatibilityVersion = "Xcode 3.2";
			developmentRegion = English;
			hasScannedForEncodings = 0;
			knownRegions = (
				en,
			);
			mainGroup = CCAB24B217443E48001F0F3D;
			productRefGroup = CCAB24BC17443E48001F0F3D /* Products */;
			projectDirPath = "";
			projectRoot = "";
			targets = (
				CCAB24BA17443E48001F0F3D /* Liferay Social */,
			);
		};
/* End PBXProject section */

/* Begin PBXResourcesBuildPhase section */
		CCAB24B917443E48001F0F3D /* Resources */ = {
			isa = PBXResourcesBuildPhase;
			buildActionMask = 2147483647;
			files = (
				7520D266188EBEEE00E191B0 /* Default@2x.png in Resources */,
				CCE3A7A6174440D80022B6BF /* first.png in Resources */,
				7520D262188EB9F300E191B0 /* Default-568h@2x.png in Resources */,
				CCE3A7A7174440D80022B6BF /* first@2x.png in Resources */,
				7520D265188EBEEE00E191B0 /* Default.png in Resources */,
			);
			runOnlyForDeploymentPostprocessing = 0;
		};
/* End PBXResourcesBuildPhase section */

/* Begin PBXSourcesBuildPhase section */
		CCAB24B717443E48001F0F3D /* Sources */ = {
			isa = PBXSourcesBuildPhase;
			buildActionMask = 2147483647;
			files = (
				CCE3A7A2174440D80022B6BF /* LiferaySocialAppDelegate.m in Sources */,
				292C8DAC186DB629008C549B /* GetMicroblogsCallback.m in Sources */,
				CCE3A7AB174440D80022B6BF /* main.m in Sources */,
				CC1CCBA71896FFD400C8B364 /* DateUtil.m in Sources */,
				CCE3A7AE174442F80022B6BF /* MicroblogsTableViewController.m in Sources */,
				292C8DA2186DB2CA008C549B /* LRBatchSession.m in Sources */,
				CCFB45CC1899A3F50037414C /* LRContactService_v62.m in Sources */,
				CCFB45D5189A80700037414C /* LRServiceFactory.m in Sources */,
				292C8DA5186DB2CA008C549B /* LRMicroblogsentryService_v62.m in Sources */,
				CCFB45C31899730D0037414C /* LREntryService_v62.m in Sources */,
				CCFB45C91899A1AC0037414C /* LRPhoneService_v62.m in Sources */,
				292C8DA1186DB2CA008C549B /* LRBaseService.m in Sources */,
				CC31CBC117454E11006CDD4B /* PrefsUtil.m in Sources */,
				CC31CBC417454E78006CDD4B /* Validator.m in Sources */,
				292C8DA3186DB2CA008C549B /* LRHttpUtil.m in Sources */,
				CCFB45CF1899A4920037414C /* GetDetailsCallback.m in Sources */,
				CCFB45C618997FED0037414C /* GetContactsCallback.m in Sources */,
				CC4B4F711746BF11008C06C6 /* MicroblogsEntry.m in Sources */,
				CCB2A2DB174D455A006C3486 /* ContactsTableViewController.m in Sources */,
				292C8DA4186DB2CA008C549B /* LRSession.m in Sources */,
				CCFB45D21899A60E0037414C /* Contact.m in Sources */,
				CCB2A2E1174D566B006C3486 /* User.m in Sources */,
				CCE469A7177387E800B6FCDA /* DetailsTableViewController.m in Sources */,
				CCFB45DB189A85200037414C /* ProgressView.m in Sources */,
			);
			runOnlyForDeploymentPostprocessing = 0;
		};
/* End PBXSourcesBuildPhase section */

/* Begin XCBuildConfiguration section */
		CCAB24F017443E48001F0F3D /* Debug */ = {
			isa = XCBuildConfiguration;
			buildSettings = {
				ALWAYS_SEARCH_USER_PATHS = NO;
				CLANG_CXX_LANGUAGE_STANDARD = "gnu++0x";
				CLANG_CXX_LIBRARY = "libc++";
				CLANG_ENABLE_OBJC_ARC = YES;
				CLANG_WARN_CONSTANT_CONVERSION = YES;
				CLANG_WARN_EMPTY_BODY = YES;
				CLANG_WARN_ENUM_CONVERSION = YES;
				CLANG_WARN_INT_CONVERSION = YES;
				CLANG_WARN__DUPLICATE_METHOD_MATCH = YES;
				"CODE_SIGN_IDENTITY[sdk=iphoneos*]" = "iPhone Developer";
				COPY_PHASE_STRIP = NO;
				GCC_C_LANGUAGE_STANDARD = gnu99;
				GCC_DYNAMIC_NO_PIC = NO;
				GCC_OPTIMIZATION_LEVEL = 0;
				GCC_PREPROCESSOR_DEFINITIONS = (
					"DEBUG=1",
					"$(inherited)",
				);
				GCC_SYMBOLS_PRIVATE_EXTERN = NO;
				GCC_WARN_ABOUT_RETURN_TYPE = YES;
				GCC_WARN_UNINITIALIZED_AUTOS = YES;
				GCC_WARN_UNUSED_VARIABLE = YES;
				IPHONEOS_DEPLOYMENT_TARGET = 6.1;
				ONLY_ACTIVE_ARCH = YES;
				SDKROOT = iphoneos;
				TARGETED_DEVICE_FAMILY = "1,2";
			};
			name = Debug;
		};
		CCAB24F117443E48001F0F3D /* Release */ = {
			isa = XCBuildConfiguration;
			buildSettings = {
				ALWAYS_SEARCH_USER_PATHS = NO;
				CLANG_CXX_LANGUAGE_STANDARD = "gnu++0x";
				CLANG_CXX_LIBRARY = "libc++";
				CLANG_ENABLE_OBJC_ARC = YES;
				CLANG_WARN_CONSTANT_CONVERSION = YES;
				CLANG_WARN_EMPTY_BODY = YES;
				CLANG_WARN_ENUM_CONVERSION = YES;
				CLANG_WARN_INT_CONVERSION = YES;
				CLANG_WARN__DUPLICATE_METHOD_MATCH = YES;
				"CODE_SIGN_IDENTITY[sdk=iphoneos*]" = "iPhone Developer";
				COPY_PHASE_STRIP = YES;
				GCC_C_LANGUAGE_STANDARD = gnu99;
				GCC_WARN_ABOUT_RETURN_TYPE = YES;
				GCC_WARN_UNINITIALIZED_AUTOS = YES;
				GCC_WARN_UNUSED_VARIABLE = YES;
				IPHONEOS_DEPLOYMENT_TARGET = 6.1;
				OTHER_CFLAGS = "-DNS_BLOCK_ASSERTIONS=1";
				SDKROOT = iphoneos;
				TARGETED_DEVICE_FAMILY = "1,2";
				VALIDATE_PRODUCT = YES;
			};
			name = Release;
		};
		CCAB24F317443E48001F0F3D /* Debug */ = {
			isa = XCBuildConfiguration;
			buildSettings = {
				GCC_PRECOMPILE_PREFIX_HEADER = YES;
				GCC_PREFIX_HEADER = "Supporting Files/Liferay Social-Prefix.pch";
				INFOPLIST_FILE = "Supporting Files/Liferay Social-Info.plist";
				PRODUCT_NAME = "$(TARGET_NAME)";
				WRAPPER_EXTENSION = app;
			};
			name = Debug;
		};
		CCAB24F417443E48001F0F3D /* Release */ = {
			isa = XCBuildConfiguration;
			buildSettings = {
				GCC_PRECOMPILE_PREFIX_HEADER = YES;
				GCC_PREFIX_HEADER = "Supporting Files/Liferay Social-Prefix.pch";
				INFOPLIST_FILE = "Supporting Files/Liferay Social-Info.plist";
				PRODUCT_NAME = "$(TARGET_NAME)";
				WRAPPER_EXTENSION = app;
			};
			name = Release;
		};
/* End XCBuildConfiguration section */

/* Begin XCConfigurationList section */
		CCAB24B617443E48001F0F3D /* Build configuration list for PBXProject "Liferay Social" */ = {
			isa = XCConfigurationList;
			buildConfigurations = (
				CCAB24F017443E48001F0F3D /* Debug */,
				CCAB24F117443E48001F0F3D /* Release */,
			);
			defaultConfigurationIsVisible = 0;
			defaultConfigurationName = Release;
		};
		CCAB24F217443E48001F0F3D /* Build configuration list for PBXNativeTarget "Liferay Social" */ = {
			isa = XCConfigurationList;
			buildConfigurations = (
				CCAB24F317443E48001F0F3D /* Debug */,
				CCAB24F417443E48001F0F3D /* Release */,
			);
			defaultConfigurationIsVisible = 0;
			defaultConfigurationName = Release;
		};
/* End XCConfigurationList section */
	};
	rootObject = CCAB24B317443E48001F0F3D /* Project object */;
}
