// !$*UTF8*$!
{
	archiveVersion = 1;
	classes = {
	};
	objectVersion = 46;
	objects = {

/* Begin PBXBuildFile section */
		CCAB24BF17443E48001F0F3D /* UIKit.framework in Frameworks */ = {isa = PBXBuildFile; fileRef = CCAB24BE17443E48001F0F3D /* UIKit.framework */; };
		CCAB24C117443E48001F0F3D /* Foundation.framework in Frameworks */ = {isa = PBXBuildFile; fileRef = CCAB24C017443E48001F0F3D /* Foundation.framework */; };
		CCAB24C317443E48001F0F3D /* CoreGraphics.framework in Frameworks */ = {isa = PBXBuildFile; fileRef = CCAB24C217443E48001F0F3D /* CoreGraphics.framework */; };
		CCAB24C917443E48001F0F3D /* InfoPlist.strings in Resources */ = {isa = PBXBuildFile; fileRef = CCAB24C717443E48001F0F3D /* InfoPlist.strings */; };
		CCAB24CB17443E48001F0F3D /* main.m in Sources */ = {isa = PBXBuildFile; fileRef = CCAB24CA17443E48001F0F3D /* main.m */; };
		CCAB24CF17443E48001F0F3D /* AppDelegate.m in Sources */ = {isa = PBXBuildFile; fileRef = CCAB24CE17443E48001F0F3D /* AppDelegate.m */; };
		CCAB24D117443E48001F0F3D /* Default.png in Resources */ = {isa = PBXBuildFile; fileRef = CCAB24D017443E48001F0F3D /* Default.png */; };
		CCAB24D317443E48001F0F3D /* Default@2x.png in Resources */ = {isa = PBXBuildFile; fileRef = CCAB24D217443E48001F0F3D /* Default@2x.png */; };
		CCAB24D517443E48001F0F3D /* Default-568h@2x.png in Resources */ = {isa = PBXBuildFile; fileRef = CCAB24D417443E48001F0F3D /* Default-568h@2x.png */; };
		CCAB24D817443E48001F0F3D /* FirstViewController.m in Sources */ = {isa = PBXBuildFile; fileRef = CCAB24D717443E48001F0F3D /* FirstViewController.m */; };
		CCAB24DA17443E48001F0F3D /* first.png in Resources */ = {isa = PBXBuildFile; fileRef = CCAB24D917443E48001F0F3D /* first.png */; };
		CCAB24DC17443E48001F0F3D /* first@2x.png in Resources */ = {isa = PBXBuildFile; fileRef = CCAB24DB17443E48001F0F3D /* first@2x.png */; };
		CCAB24DF17443E48001F0F3D /* SecondViewController.m in Sources */ = {isa = PBXBuildFile; fileRef = CCAB24DE17443E48001F0F3D /* SecondViewController.m */; };
		CCAB24E117443E48001F0F3D /* second.png in Resources */ = {isa = PBXBuildFile; fileRef = CCAB24E017443E48001F0F3D /* second.png */; };
		CCAB24E317443E48001F0F3D /* second@2x.png in Resources */ = {isa = PBXBuildFile; fileRef = CCAB24E217443E48001F0F3D /* second@2x.png */; };
		CCAB24E617443E48001F0F3D /* FirstViewController_iPhone.xib in Resources */ = {isa = PBXBuildFile; fileRef = CCAB24E417443E48001F0F3D /* FirstViewController_iPhone.xib */; };
		CCAB24E917443E48001F0F3D /* FirstViewController_iPad.xib in Resources */ = {isa = PBXBuildFile; fileRef = CCAB24E717443E48001F0F3D /* FirstViewController_iPad.xib */; };
		CCAB24EC17443E48001F0F3D /* SecondViewController_iPhone.xib in Resources */ = {isa = PBXBuildFile; fileRef = CCAB24EA17443E48001F0F3D /* SecondViewController_iPhone.xib */; };
		CCAB24EF17443E48001F0F3D /* SecondViewController_iPad.xib in Resources */ = {isa = PBXBuildFile; fileRef = CCAB24ED17443E48001F0F3D /* SecondViewController_iPad.xib */; };
/* End PBXBuildFile section */

/* Begin PBXFileReference section */
		CCAB24BB17443E48001F0F3D /* Liferay Social.app */ = {isa = PBXFileReference; explicitFileType = wrapper.application; includeInIndex = 0; path = "Liferay Social.app"; sourceTree = BUILT_PRODUCTS_DIR; };
		CCAB24BE17443E48001F0F3D /* UIKit.framework */ = {isa = PBXFileReference; lastKnownFileType = wrapper.framework; name = UIKit.framework; path = System/Library/Frameworks/UIKit.framework; sourceTree = SDKROOT; };
		CCAB24C017443E48001F0F3D /* Foundation.framework */ = {isa = PBXFileReference; lastKnownFileType = wrapper.framework; name = Foundation.framework; path = System/Library/Frameworks/Foundation.framework; sourceTree = SDKROOT; };
		CCAB24C217443E48001F0F3D /* CoreGraphics.framework */ = {isa = PBXFileReference; lastKnownFileType = wrapper.framework; name = CoreGraphics.framework; path = System/Library/Frameworks/CoreGraphics.framework; sourceTree = SDKROOT; };
		CCAB24C617443E48001F0F3D /* Liferay Social-Info.plist */ = {isa = PBXFileReference; lastKnownFileType = text.plist.xml; path = "Liferay Social-Info.plist"; sourceTree = "<group>"; };
		CCAB24C817443E48001F0F3D /* en */ = {isa = PBXFileReference; lastKnownFileType = text.plist.strings; name = en; path = en.lproj/InfoPlist.strings; sourceTree = "<group>"; };
		CCAB24CA17443E48001F0F3D /* main.m */ = {isa = PBXFileReference; lastKnownFileType = sourcecode.c.objc; path = main.m; sourceTree = "<group>"; };
		CCAB24CC17443E48001F0F3D /* Liferay Social-Prefix.pch */ = {isa = PBXFileReference; lastKnownFileType = sourcecode.c.h; path = "Liferay Social-Prefix.pch"; sourceTree = "<group>"; };
		CCAB24CD17443E48001F0F3D /* AppDelegate.h */ = {isa = PBXFileReference; lastKnownFileType = sourcecode.c.h; path = AppDelegate.h; sourceTree = "<group>"; };
		CCAB24CE17443E48001F0F3D /* AppDelegate.m */ = {isa = PBXFileReference; lastKnownFileType = sourcecode.c.objc; path = AppDelegate.m; sourceTree = "<group>"; };
		CCAB24D017443E48001F0F3D /* Default.png */ = {isa = PBXFileReference; lastKnownFileType = image.png; path = Default.png; sourceTree = "<group>"; };
		CCAB24D217443E48001F0F3D /* Default@2x.png */ = {isa = PBXFileReference; lastKnownFileType = image.png; path = "Default@2x.png"; sourceTree = "<group>"; };
		CCAB24D417443E48001F0F3D /* Default-568h@2x.png */ = {isa = PBXFileReference; lastKnownFileType = image.png; path = "Default-568h@2x.png"; sourceTree = "<group>"; };
		CCAB24D617443E48001F0F3D /* FirstViewController.h */ = {isa = PBXFileReference; lastKnownFileType = sourcecode.c.h; path = FirstViewController.h; sourceTree = "<group>"; };
		CCAB24D717443E48001F0F3D /* FirstViewController.m */ = {isa = PBXFileReference; lastKnownFileType = sourcecode.c.objc; path = FirstViewController.m; sourceTree = "<group>"; };
		CCAB24D917443E48001F0F3D /* first.png */ = {isa = PBXFileReference; lastKnownFileType = image.png; path = first.png; sourceTree = "<group>"; };
		CCAB24DB17443E48001F0F3D /* first@2x.png */ = {isa = PBXFileReference; lastKnownFileType = image.png; path = "first@2x.png"; sourceTree = "<group>"; };
		CCAB24DD17443E48001F0F3D /* SecondViewController.h */ = {isa = PBXFileReference; lastKnownFileType = sourcecode.c.h; path = SecondViewController.h; sourceTree = "<group>"; };
		CCAB24DE17443E48001F0F3D /* SecondViewController.m */ = {isa = PBXFileReference; lastKnownFileType = sourcecode.c.objc; path = SecondViewController.m; sourceTree = "<group>"; };
		CCAB24E017443E48001F0F3D /* second.png */ = {isa = PBXFileReference; lastKnownFileType = image.png; path = second.png; sourceTree = "<group>"; };
		CCAB24E217443E48001F0F3D /* second@2x.png */ = {isa = PBXFileReference; lastKnownFileType = image.png; path = "second@2x.png"; sourceTree = "<group>"; };
		CCAB24E517443E48001F0F3D /* en */ = {isa = PBXFileReference; lastKnownFileType = file.xib; name = en; path = en.lproj/FirstViewController_iPhone.xib; sourceTree = "<group>"; };
		CCAB24E817443E48001F0F3D /* en */ = {isa = PBXFileReference; lastKnownFileType = file.xib; name = en; path = en.lproj/FirstViewController_iPad.xib; sourceTree = "<group>"; };
		CCAB24EB17443E48001F0F3D /* en */ = {isa = PBXFileReference; lastKnownFileType = file.xib; name = en; path = en.lproj/SecondViewController_iPhone.xib; sourceTree = "<group>"; };
		CCAB24EE17443E48001F0F3D /* en */ = {isa = PBXFileReference; lastKnownFileType = file.xib; name = en; path = en.lproj/SecondViewController_iPad.xib; sourceTree = "<group>"; };
/* End PBXFileReference section */

/* Begin PBXFrameworksBuildPhase section */
		CCAB24B817443E48001F0F3D /* Frameworks */ = {
			isa = PBXFrameworksBuildPhase;
			buildActionMask = 2147483647;
			files = (
				CCAB24BF17443E48001F0F3D /* UIKit.framework in Frameworks */,
				CCAB24C117443E48001F0F3D /* Foundation.framework in Frameworks */,
				CCAB24C317443E48001F0F3D /* CoreGraphics.framework in Frameworks */,
			);
			runOnlyForDeploymentPostprocessing = 0;
		};
/* End PBXFrameworksBuildPhase section */

/* Begin PBXGroup section */
		CCAB24B217443E48001F0F3D = {
			isa = PBXGroup;
			children = (
				CCAB24C417443E48001F0F3D /* Liferay Social */,
				CCAB24BD17443E48001F0F3D /* Frameworks */,
				CCAB24BC17443E48001F0F3D /* Products */,
			);
			sourceTree = "<group>";
		};
		CCAB24BC17443E48001F0F3D /* Products */ = {
			isa = PBXGroup;
			children = (
				CCAB24BB17443E48001F0F3D /* Liferay Social.app */,
			);
			name = Products;
			sourceTree = "<group>";
		};
		CCAB24BD17443E48001F0F3D /* Frameworks */ = {
			isa = PBXGroup;
			children = (
				CCAB24BE17443E48001F0F3D /* UIKit.framework */,
				CCAB24C017443E48001F0F3D /* Foundation.framework */,
				CCAB24C217443E48001F0F3D /* CoreGraphics.framework */,
			);
			name = Frameworks;
			sourceTree = "<group>";
		};
		CCAB24C417443E48001F0F3D /* Liferay Social */ = {
			isa = PBXGroup;
			children = (
				CCAB24CD17443E48001F0F3D /* AppDelegate.h */,
				CCAB24CE17443E48001F0F3D /* AppDelegate.m */,
				CCAB24D617443E48001F0F3D /* FirstViewController.h */,
				CCAB24D717443E48001F0F3D /* FirstViewController.m */,
				CCAB24D917443E48001F0F3D /* first.png */,
				CCAB24DB17443E48001F0F3D /* first@2x.png */,
				CCAB24DD17443E48001F0F3D /* SecondViewController.h */,
				CCAB24DE17443E48001F0F3D /* SecondViewController.m */,
				CCAB24E017443E48001F0F3D /* second.png */,
				CCAB24E217443E48001F0F3D /* second@2x.png */,
				CCAB24E417443E48001F0F3D /* FirstViewController_iPhone.xib */,
				CCAB24E717443E48001F0F3D /* FirstViewController_iPad.xib */,
				CCAB24EA17443E48001F0F3D /* SecondViewController_iPhone.xib */,
				CCAB24ED17443E48001F0F3D /* SecondViewController_iPad.xib */,
				CCAB24C517443E48001F0F3D /* Supporting Files */,
			);
			path = "Liferay Social";
			sourceTree = "<group>";
		};
		CCAB24C517443E48001F0F3D /* Supporting Files */ = {
			isa = PBXGroup;
			children = (
				CCAB24C617443E48001F0F3D /* Liferay Social-Info.plist */,
				CCAB24C717443E48001F0F3D /* InfoPlist.strings */,
				CCAB24CA17443E48001F0F3D /* main.m */,
				CCAB24CC17443E48001F0F3D /* Liferay Social-Prefix.pch */,
				CCAB24D017443E48001F0F3D /* Default.png */,
				CCAB24D217443E48001F0F3D /* Default@2x.png */,
				CCAB24D417443E48001F0F3D /* Default-568h@2x.png */,
			);
			name = "Supporting Files";
			sourceTree = "<group>";
		};
/* End PBXGroup section */

/* Begin PBXNativeTarget section */
		CCAB24BA17443E48001F0F3D /* Liferay Social */ = {
			isa = PBXNativeTarget;
			buildConfigurationList = CCAB24F217443E48001F0F3D /* Build configuration list for PBXNativeTarget "Liferay Social" */;
			buildPhases = (
				CCAB24B717443E48001F0F3D /* Sources */,
				CCAB24B817443E48001F0F3D /* Frameworks */,
				CCAB24B917443E48001F0F3D /* Resources */,
			);
			buildRules = (
			);
			dependencies = (
			);
			name = "Liferay Social";
			productName = "Liferay Social";
			productReference = CCAB24BB17443E48001F0F3D /* Liferay Social.app */;
			productType = "com.apple.product-type.application";
		};
/* End PBXNativeTarget section */

/* Begin PBXProject section */
		CCAB24B317443E48001F0F3D /* Project object */ = {
			isa = PBXProject;
			attributes = {
				LastUpgradeCheck = 0460;
				ORGANIZATIONNAME = "Bruno Farache";
			};
			buildConfigurationList = CCAB24B617443E48001F0F3D /* Build configuration list for PBXProject "Liferay Social" */;
			compatibilityVersion = "Xcode 3.2";
			developmentRegion = English;
			hasScannedForEncodings = 0;
			knownRegions = (
				en,
			);
			mainGroup = CCAB24B217443E48001F0F3D;
			productRefGroup = CCAB24BC17443E48001F0F3D /* Products */;
			projectDirPath = "";
			projectRoot = "";
			targets = (
				CCAB24BA17443E48001F0F3D /* Liferay Social */,
			);
		};
/* End PBXProject section */

/* Begin PBXResourcesBuildPhase section */
		CCAB24B917443E48001F0F3D /* Resources */ = {
			isa = PBXResourcesBuildPhase;
			buildActionMask = 2147483647;
			files = (
				CCAB24C917443E48001F0F3D /* InfoPlist.strings in Resources */,
				CCAB24D117443E48001F0F3D /* Default.png in Resources */,
				CCAB24D317443E48001F0F3D /* Default@2x.png in Resources */,
				CCAB24D517443E48001F0F3D /* Default-568h@2x.png in Resources */,
				CCAB24DA17443E48001F0F3D /* first.png in Resources */,
				CCAB24DC17443E48001F0F3D /* first@2x.png in Resources */,
				CCAB24E117443E48001F0F3D /* second.png in Resources */,
				CCAB24E317443E48001F0F3D /* second@2x.png in Resources */,
				CCAB24E617443E48001F0F3D /* FirstViewController_iPhone.xib in Resources */,
				CCAB24E917443E48001F0F3D /* FirstViewController_iPad.xib in Resources */,
				CCAB24EC17443E48001F0F3D /* SecondViewController_iPhone.xib in Resources */,
				CCAB24EF17443E48001F0F3D /* SecondViewController_iPad.xib in Resources */,
			);
			runOnlyForDeploymentPostprocessing = 0;
		};
/* End PBXResourcesBuildPhase section */

/* Begin PBXSourcesBuildPhase section */
		CCAB24B717443E48001F0F3D /* Sources */ = {
			isa = PBXSourcesBuildPhase;
			buildActionMask = 2147483647;
			files = (
				CCAB24CB17443E48001F0F3D /* main.m in Sources */,
				CCAB24CF17443E48001F0F3D /* AppDelegate.m in Sources */,
				CCAB24D817443E48001F0F3D /* FirstViewController.m in Sources */,
				CCAB24DF17443E48001F0F3D /* SecondViewController.m in Sources */,
			);
			runOnlyForDeploymentPostprocessing = 0;
		};
/* End PBXSourcesBuildPhase section */

/* Begin PBXVariantGroup section */
		CCAB24C717443E48001F0F3D /* InfoPlist.strings */ = {
			isa = PBXVariantGroup;
			children = (
				CCAB24C817443E48001F0F3D /* en */,
			);
			name = InfoPlist.strings;
			sourceTree = "<group>";
		};
		CCAB24E417443E48001F0F3D /* FirstViewController_iPhone.xib */ = {
			isa = PBXVariantGroup;
			children = (
				CCAB24E517443E48001F0F3D /* en */,
			);
			name = FirstViewController_iPhone.xib;
			sourceTree = "<group>";
		};
		CCAB24E717443E48001F0F3D /* FirstViewController_iPad.xib */ = {
			isa = PBXVariantGroup;
			children = (
				CCAB24E817443E48001F0F3D /* en */,
			);
			name = FirstViewController_iPad.xib;
			sourceTree = "<group>";
		};
		CCAB24EA17443E48001F0F3D /* SecondViewController_iPhone.xib */ = {
			isa = PBXVariantGroup;
			children = (
				CCAB24EB17443E48001F0F3D /* en */,
			);
			name = SecondViewController_iPhone.xib;
			sourceTree = "<group>";
		};
		CCAB24ED17443E48001F0F3D /* SecondViewController_iPad.xib */ = {
			isa = PBXVariantGroup;
			children = (
				CCAB24EE17443E48001F0F3D /* en */,
			);
			name = SecondViewController_iPad.xib;
			sourceTree = "<group>";
		};
/* End PBXVariantGroup section */

/* Begin XCBuildConfiguration section */
		CCAB24F017443E48001F0F3D /* Debug */ = {
			isa = XCBuildConfiguration;
			buildSettings = {
				ALWAYS_SEARCH_USER_PATHS = NO;
				CLANG_CXX_LANGUAGE_STANDARD = "gnu++0x";
				CLANG_CXX_LIBRARY = "libc++";
				CLANG_ENABLE_OBJC_ARC = YES;
				CLANG_WARN_CONSTANT_CONVERSION = YES;
				CLANG_WARN_EMPTY_BODY = YES;
				CLANG_WARN_ENUM_CONVERSION = YES;
				CLANG_WARN_INT_CONVERSION = YES;
				CLANG_WARN__DUPLICATE_METHOD_MATCH = YES;
				"CODE_SIGN_IDENTITY[sdk=iphoneos*]" = "iPhone Developer";
				COPY_PHASE_STRIP = NO;
				GCC_C_LANGUAGE_STANDARD = gnu99;
				GCC_DYNAMIC_NO_PIC = NO;
				GCC_OPTIMIZATION_LEVEL = 0;
				GCC_PREPROCESSOR_DEFINITIONS = (
					"DEBUG=1",
					"$(inherited)",
				);
				GCC_SYMBOLS_PRIVATE_EXTERN = NO;
				GCC_WARN_ABOUT_RETURN_TYPE = YES;
				GCC_WARN_UNINITIALIZED_AUTOS = YES;
				GCC_WARN_UNUSED_VARIABLE = YES;
				IPHONEOS_DEPLOYMENT_TARGET = 6.1;
				ONLY_ACTIVE_ARCH = YES;
				SDKROOT = iphoneos;
				TARGETED_DEVICE_FAMILY = "1,2";
			};
			name = Debug;
		};
		CCAB24F117443E48001F0F3D /* Release */ = {
			isa = XCBuildConfiguration;
			buildSettings = {
				ALWAYS_SEARCH_USER_PATHS = NO;
				CLANG_CXX_LANGUAGE_STANDARD = "gnu++0x";
				CLANG_CXX_LIBRARY = "libc++";
				CLANG_ENABLE_OBJC_ARC = YES;
				CLANG_WARN_CONSTANT_CONVERSION = YES;
				CLANG_WARN_EMPTY_BODY = YES;
				CLANG_WARN_ENUM_CONVERSION = YES;
				CLANG_WARN_INT_CONVERSION = YES;
				CLANG_WARN__DUPLICATE_METHOD_MATCH = YES;
				"CODE_SIGN_IDENTITY[sdk=iphoneos*]" = "iPhone Developer";
				COPY_PHASE_STRIP = YES;
				GCC_C_LANGUAGE_STANDARD = gnu99;
				GCC_WARN_ABOUT_RETURN_TYPE = YES;
				GCC_WARN_UNINITIALIZED_AUTOS = YES;
				GCC_WARN_UNUSED_VARIABLE = YES;
				IPHONEOS_DEPLOYMENT_TARGET = 6.1;
				OTHER_CFLAGS = "-DNS_BLOCK_ASSERTIONS=1";
				SDKROOT = iphoneos;
				TARGETED_DEVICE_FAMILY = "1,2";
				VALIDATE_PRODUCT = YES;
			};
			name = Release;
		};
		CCAB24F317443E48001F0F3D /* Debug */ = {
			isa = XCBuildConfiguration;
			buildSettings = {
				GCC_PRECOMPILE_PREFIX_HEADER = YES;
				GCC_PREFIX_HEADER = "Liferay Social/Liferay Social-Prefix.pch";
				INFOPLIST_FILE = "Liferay Social/Liferay Social-Info.plist";
				PRODUCT_NAME = "$(TARGET_NAME)";
				WRAPPER_EXTENSION = app;
			};
			name = Debug;
		};
		CCAB24F417443E48001F0F3D /* Release */ = {
			isa = XCBuildConfiguration;
			buildSettings = {
				GCC_PRECOMPILE_PREFIX_HEADER = YES;
				GCC_PREFIX_HEADER = "Liferay Social/Liferay Social-Prefix.pch";
				INFOPLIST_FILE = "Liferay Social/Liferay Social-Info.plist";
				PRODUCT_NAME = "$(TARGET_NAME)";
				WRAPPER_EXTENSION = app;
			};
			name = Release;
		};
/* End XCBuildConfiguration section */

/* Begin XCConfigurationList section */
		CCAB24B617443E48001F0F3D /* Build configuration list for PBXProject "Liferay Social" */ = {
			isa = XCConfigurationList;
			buildConfigurations = (
				CCAB24F017443E48001F0F3D /* Debug */,
				CCAB24F117443E48001F0F3D /* Release */,
			);
			defaultConfigurationIsVisible = 0;
			defaultConfigurationName = Release;
		};
		CCAB24F217443E48001F0F3D /* Build configuration list for PBXNativeTarget "Liferay Social" */ = {
			isa = XCConfigurationList;
			buildConfigurations = (
				CCAB24F317443E48001F0F3D /* Debug */,
				CCAB24F417443E48001F0F3D /* Release */,
			);
			defaultConfigurationIsVisible = 0;
		};
/* End XCConfigurationList section */
	};
	rootObject = CCAB24B317443E48001F0F3D /* Project object */;
}
