// !$*UTF8*$!
{
	archiveVersion = 1;
	classes = {
	};
	objectVersion = 46;
	objects = {

/* Begin PBXBuildFile section */
		CC31CBBA17454C64006CDD4B /* AsyncRequest.m in Sources */ = {isa = PBXBuildFile; fileRef = CC31CBB717454C64006CDD4B /* AsyncRequest.m */; };
		CC31CBBB17454C64006CDD4B /* HttpClient.m in Sources */ = {isa = PBXBuildFile; fileRef = CC31CBB917454C64006CDD4B /* HttpClient.m */; };
		CC31CBBE17454C89006CDD4B /* ProgressDelegate.m in Sources */ = {isa = PBXBuildFile; fileRef = CC31CBBD17454C89006CDD4B /* ProgressDelegate.m */; };
		CC31CBC117454E11006CDD4B /* PrefsUtil.m in Sources */ = {isa = PBXBuildFile; fileRef = CC31CBC017454E11006CDD4B /* PrefsUtil.m */; };
		CC31CBC417454E78006CDD4B /* Validator.m in Sources */ = {isa = PBXBuildFile; fileRef = CC31CBC317454E78006CDD4B /* Validator.m */; };
		CC31CBC817454EBD006CDD4B /* UIView+Loading.m in Sources */ = {isa = PBXBuildFile; fileRef = CC31CBC717454EBD006CDD4B /* UIView+Loading.m */; };
		CC31CBCF17454EF2006CDD4B /* MBProgressHUD.m in Sources */ = {isa = PBXBuildFile; fileRef = CC31CBCE17454EF2006CDD4B /* MBProgressHUD.m */; };
		CC31CBD317455097006CDD4B /* BaseService.m in Sources */ = {isa = PBXBuildFile; fileRef = CC31CBD217455097006CDD4B /* BaseService.m */; };
		CC31CBD6174550D3006CDD4B /* HandleException.m in Sources */ = {isa = PBXBuildFile; fileRef = CC31CBD5174550D3006CDD4B /* HandleException.m */; };
		CC31CBE3174550FA006CDD4B /* NSObject+SBJSON.m in Sources */ = {isa = PBXBuildFile; fileRef = CC31CBDA174550FA006CDD4B /* NSObject+SBJSON.m */; settings = {COMPILER_FLAGS = "-fno-objc-arc"; }; };
		CC31CBE4174550FA006CDD4B /* NSString+SBJSON.m in Sources */ = {isa = PBXBuildFile; fileRef = CC31CBDC174550FA006CDD4B /* NSString+SBJSON.m */; settings = {COMPILER_FLAGS = "-fno-objc-arc"; }; };
		CC31CBE5174550FA006CDD4B /* SBJsonBase.m in Sources */ = {isa = PBXBuildFile; fileRef = CC31CBDE174550FA006CDD4B /* SBJsonBase.m */; };
		CC31CBE6174550FA006CDD4B /* SBJsonParser.m in Sources */ = {isa = PBXBuildFile; fileRef = CC31CBE0174550FA006CDD4B /* SBJsonParser.m */; };
		CC31CBE7174550FA006CDD4B /* SBJsonWriter.m in Sources */ = {isa = PBXBuildFile; fileRef = CC31CBE2174550FA006CDD4B /* SBJsonWriter.m */; settings = {COMPILER_FLAGS = "-fno-objc-arc"; }; };
		CC4B4F6E1746BEF9008C06C6 /* MicroblogsService.m in Sources */ = {isa = PBXBuildFile; fileRef = CC4B4F6D1746BEF9008C06C6 /* MicroblogsService.m */; };
		CC4B4F711746BF11008C06C6 /* MicroblogsEntryModel.m in Sources */ = {isa = PBXBuildFile; fileRef = CC4B4F701746BF11008C06C6 /* MicroblogsEntryModel.m */; };
		CC924492175FC8C30000E97D /* MessagesTableViewController.m in Sources */ = {isa = PBXBuildFile; fileRef = CC924491175FC8C30000E97D /* MessagesTableViewController.m */; };
		CC924498175FCA660000E97D /* UserThreadModel.m in Sources */ = {isa = PBXBuildFile; fileRef = CC924495175FCA660000E97D /* UserThreadModel.m */; };
		CC924499175FCA660000E97D /* UserThreadService.m in Sources */ = {isa = PBXBuildFile; fileRef = CC924497175FCA660000E97D /* UserThreadService.m */; };
		CC92449D175FCCFD0000E97D /* GetUserThreadsDelegate.m in Sources */ = {isa = PBXBuildFile; fileRef = CC92449C175FCCFD0000E97D /* GetUserThreadsDelegate.m */; };
		CC9244A0175FE2360000E97D /* MBMessageModel.m in Sources */ = {isa = PBXBuildFile; fileRef = CC92449F175FE2360000E97D /* MBMessageModel.m */; };
		CCAB24BF17443E48001F0F3D /* UIKit.framework in Frameworks */ = {isa = PBXBuildFile; fileRef = CCAB24BE17443E48001F0F3D /* UIKit.framework */; };
		CCAB24C117443E48001F0F3D /* Foundation.framework in Frameworks */ = {isa = PBXBuildFile; fileRef = CCAB24C017443E48001F0F3D /* Foundation.framework */; };
		CCAB24C317443E48001F0F3D /* CoreGraphics.framework in Frameworks */ = {isa = PBXBuildFile; fileRef = CCAB24C217443E48001F0F3D /* CoreGraphics.framework */; };
		CCB2A2DB174D455A006C3486 /* ContactsTableViewController.m in Sources */ = {isa = PBXBuildFile; fileRef = CCB2A2DA174D455A006C3486 /* ContactsTableViewController.m */; };
		CCB2A2E1174D566B006C3486 /* UserModel.m in Sources */ = {isa = PBXBuildFile; fileRef = CCB2A2DE174D566B006C3486 /* UserModel.m */; };
		CCB2A2E2174D566B006C3486 /* ContactsService.m in Sources */ = {isa = PBXBuildFile; fileRef = CCB2A2E0174D566B006C3486 /* ContactsService.m */; };
		CCB2A2E7174D5C51006C3486 /* GetMicroblogsEntriesDelegate.m in Sources */ = {isa = PBXBuildFile; fileRef = CCB2A2E6174D5C51006C3486 /* GetMicroblogsEntriesDelegate.m */; };
		CCB2A2EA174D5CE8006C3486 /* GetGroupUsersDelegate.m in Sources */ = {isa = PBXBuildFile; fileRef = CCB2A2E9174D5CE8006C3486 /* GetGroupUsersDelegate.m */; };
		CCE3A7A2174440D80022B6BF /* LiferaySocialAppDelegate.m in Sources */ = {isa = PBXBuildFile; fileRef = CCE3A793174440D80022B6BF /* LiferaySocialAppDelegate.m */; };
		CCE3A7A6174440D80022B6BF /* first.png in Resources */ = {isa = PBXBuildFile; fileRef = CCE3A798174440D80022B6BF /* first.png */; };
		CCE3A7A7174440D80022B6BF /* first@2x.png in Resources */ = {isa = PBXBuildFile; fileRef = CCE3A799174440D80022B6BF /* first@2x.png */; };
		CCE3A7AA174440D80022B6BF /* Liferay Social-Info.plist in Resources */ = {isa = PBXBuildFile; fileRef = CCE3A79D174440D80022B6BF /* Liferay Social-Info.plist */; };
		CCE3A7AB174440D80022B6BF /* main.m in Sources */ = {isa = PBXBuildFile; fileRef = CCE3A79F174440D80022B6BF /* main.m */; };
		CCE3A7AE174442F80022B6BF /* MicroblogsTableViewController.m in Sources */ = {isa = PBXBuildFile; fileRef = CCE3A7AD174442F80022B6BF /* MicroblogsTableViewController.m */; };
		CCE3A7C417454A050022B6BF /* AFHTTPClient.m in Sources */ = {isa = PBXBuildFile; fileRef = CCE3A7B217454A050022B6BF /* AFHTTPClient.m */; };
		CCE3A7C517454A050022B6BF /* AFHTTPRequestOperation.m in Sources */ = {isa = PBXBuildFile; fileRef = CCE3A7B417454A050022B6BF /* AFHTTPRequestOperation.m */; };
		CCE3A7C617454A050022B6BF /* AFImageRequestOperation.m in Sources */ = {isa = PBXBuildFile; fileRef = CCE3A7B617454A050022B6BF /* AFImageRequestOperation.m */; };
		CCE3A7C717454A050022B6BF /* AFJSONRequestOperation.m in Sources */ = {isa = PBXBuildFile; fileRef = CCE3A7B817454A050022B6BF /* AFJSONRequestOperation.m */; };
		CCE3A7C817454A050022B6BF /* AFNetworkActivityIndicatorManager.m in Sources */ = {isa = PBXBuildFile; fileRef = CCE3A7BA17454A050022B6BF /* AFNetworkActivityIndicatorManager.m */; };
		CCE3A7C917454A050022B6BF /* AFPropertyListRequestOperation.m in Sources */ = {isa = PBXBuildFile; fileRef = CCE3A7BD17454A050022B6BF /* AFPropertyListRequestOperation.m */; };
		CCE3A7CA17454A050022B6BF /* AFURLConnectionOperation.m in Sources */ = {isa = PBXBuildFile; fileRef = CCE3A7BF17454A050022B6BF /* AFURLConnectionOperation.m */; };
		CCE3A7CB17454A050022B6BF /* AFXMLRequestOperation.m in Sources */ = {isa = PBXBuildFile; fileRef = CCE3A7C117454A050022B6BF /* AFXMLRequestOperation.m */; };
		CCE3A7CC17454A050022B6BF /* UIImageView+AFNetworking.m in Sources */ = {isa = PBXBuildFile; fileRef = CCE3A7C317454A050022B6BF /* UIImageView+AFNetworking.m */; };
		CCE3A7CF17454AB20022B6BF /* MobileCoreServices.framework in Frameworks */ = {isa = PBXBuildFile; fileRef = CCE3A7CD17454AB20022B6BF /* MobileCoreServices.framework */; };
		CCE3A7D017454AB20022B6BF /* SystemConfiguration.framework in Frameworks */ = {isa = PBXBuildFile; fileRef = CCE3A7CE17454AB20022B6BF /* SystemConfiguration.framework */; };
/* End PBXBuildFile section */

/* Begin PBXFileReference section */
		CC31CBB617454C64006CDD4B /* AsyncRequest.h */ = {isa = PBXFileReference; fileEncoding = 4; lastKnownFileType = sourcecode.c.h; path = AsyncRequest.h; sourceTree = "<group>"; };
		CC31CBB717454C64006CDD4B /* AsyncRequest.m */ = {isa = PBXFileReference; fileEncoding = 4; lastKnownFileType = sourcecode.c.objc; path = AsyncRequest.m; sourceTree = "<group>"; };
		CC31CBB817454C64006CDD4B /* HttpClient.h */ = {isa = PBXFileReference; fileEncoding = 4; lastKnownFileType = sourcecode.c.h; path = HttpClient.h; sourceTree = "<group>"; };
		CC31CBB917454C64006CDD4B /* HttpClient.m */ = {isa = PBXFileReference; fileEncoding = 4; lastKnownFileType = sourcecode.c.objc; path = HttpClient.m; sourceTree = "<group>"; };
		CC31CBBC17454C89006CDD4B /* ProgressDelegate.h */ = {isa = PBXFileReference; fileEncoding = 4; lastKnownFileType = sourcecode.c.h; path = ProgressDelegate.h; sourceTree = "<group>"; };
		CC31CBBD17454C89006CDD4B /* ProgressDelegate.m */ = {isa = PBXFileReference; fileEncoding = 4; lastKnownFileType = sourcecode.c.objc; path = ProgressDelegate.m; sourceTree = "<group>"; };
		CC31CBBF17454E11006CDD4B /* PrefsUtil.h */ = {isa = PBXFileReference; fileEncoding = 4; lastKnownFileType = sourcecode.c.h; path = PrefsUtil.h; sourceTree = "<group>"; };
		CC31CBC017454E11006CDD4B /* PrefsUtil.m */ = {isa = PBXFileReference; fileEncoding = 4; lastKnownFileType = sourcecode.c.objc; path = PrefsUtil.m; sourceTree = "<group>"; };
		CC31CBC217454E78006CDD4B /* Validator.h */ = {isa = PBXFileReference; fileEncoding = 4; lastKnownFileType = sourcecode.c.h; path = Validator.h; sourceTree = "<group>"; };
		CC31CBC317454E78006CDD4B /* Validator.m */ = {isa = PBXFileReference; fileEncoding = 4; lastKnownFileType = sourcecode.c.objc; path = Validator.m; sourceTree = "<group>"; };
		CC31CBC617454EBD006CDD4B /* UIView+Loading.h */ = {isa = PBXFileReference; fileEncoding = 4; lastKnownFileType = sourcecode.c.h; path = "UIView+Loading.h"; sourceTree = "<group>"; };
		CC31CBC717454EBD006CDD4B /* UIView+Loading.m */ = {isa = PBXFileReference; fileEncoding = 4; lastKnownFileType = sourcecode.c.objc; path = "UIView+Loading.m"; sourceTree = "<group>"; };
		CC31CBCD17454EF2006CDD4B /* MBProgressHUD.h */ = {isa = PBXFileReference; fileEncoding = 4; lastKnownFileType = sourcecode.c.h; path = MBProgressHUD.h; sourceTree = "<group>"; };
		CC31CBCE17454EF2006CDD4B /* MBProgressHUD.m */ = {isa = PBXFileReference; fileEncoding = 4; lastKnownFileType = sourcecode.c.objc; path = MBProgressHUD.m; sourceTree = "<group>"; };
		CC31CBD117455097006CDD4B /* BaseService.h */ = {isa = PBXFileReference; fileEncoding = 4; lastKnownFileType = sourcecode.c.h; path = BaseService.h; sourceTree = "<group>"; };
		CC31CBD217455097006CDD4B /* BaseService.m */ = {isa = PBXFileReference; fileEncoding = 4; lastKnownFileType = sourcecode.c.objc; path = BaseService.m; sourceTree = "<group>"; };
		CC31CBD4174550D3006CDD4B /* HandleException.h */ = {isa = PBXFileReference; fileEncoding = 4; lastKnownFileType = sourcecode.c.h; path = HandleException.h; sourceTree = "<group>"; };
		CC31CBD5174550D3006CDD4B /* HandleException.m */ = {isa = PBXFileReference; fileEncoding = 4; lastKnownFileType = sourcecode.c.objc; path = HandleException.m; sourceTree = "<group>"; };
		CC31CBD8174550FA006CDD4B /* JSON.h */ = {isa = PBXFileReference; fileEncoding = 4; lastKnownFileType = sourcecode.c.h; path = JSON.h; sourceTree = "<group>"; };
		CC31CBD9174550FA006CDD4B /* NSObject+SBJSON.h */ = {isa = PBXFileReference; fileEncoding = 4; lastKnownFileType = sourcecode.c.h; path = "NSObject+SBJSON.h"; sourceTree = "<group>"; };
		CC31CBDA174550FA006CDD4B /* NSObject+SBJSON.m */ = {isa = PBXFileReference; fileEncoding = 4; lastKnownFileType = sourcecode.c.objc; path = "NSObject+SBJSON.m"; sourceTree = "<group>"; };
		CC31CBDB174550FA006CDD4B /* NSString+SBJSON.h */ = {isa = PBXFileReference; fileEncoding = 4; lastKnownFileType = sourcecode.c.h; path = "NSString+SBJSON.h"; sourceTree = "<group>"; };
		CC31CBDC174550FA006CDD4B /* NSString+SBJSON.m */ = {isa = PBXFileReference; fileEncoding = 4; lastKnownFileType = sourcecode.c.objc; path = "NSString+SBJSON.m"; sourceTree = "<group>"; };
		CC31CBDD174550FA006CDD4B /* SBJsonBase.h */ = {isa = PBXFileReference; fileEncoding = 4; lastKnownFileType = sourcecode.c.h; path = SBJsonBase.h; sourceTree = "<group>"; };
		CC31CBDE174550FA006CDD4B /* SBJsonBase.m */ = {isa = PBXFileReference; fileEncoding = 4; lastKnownFileType = sourcecode.c.objc; path = SBJsonBase.m; sourceTree = "<group>"; };
		CC31CBDF174550FA006CDD4B /* SBJsonParser.h */ = {isa = PBXFileReference; fileEncoding = 4; lastKnownFileType = sourcecode.c.h; path = SBJsonParser.h; sourceTree = "<group>"; };
		CC31CBE0174550FA006CDD4B /* SBJsonParser.m */ = {isa = PBXFileReference; fileEncoding = 4; lastKnownFileType = sourcecode.c.objc; path = SBJsonParser.m; sourceTree = "<group>"; };
		CC31CBE1174550FA006CDD4B /* SBJsonWriter.h */ = {isa = PBXFileReference; fileEncoding = 4; lastKnownFileType = sourcecode.c.h; path = SBJsonWriter.h; sourceTree = "<group>"; };
		CC31CBE2174550FA006CDD4B /* SBJsonWriter.m */ = {isa = PBXFileReference; fileEncoding = 4; lastKnownFileType = sourcecode.c.objc; path = SBJsonWriter.m; sourceTree = "<group>"; };
		CC4B4F6C1746BEF9008C06C6 /* MicroblogsService.h */ = {isa = PBXFileReference; fileEncoding = 4; lastKnownFileType = sourcecode.c.h; path = MicroblogsService.h; sourceTree = "<group>"; };
		CC4B4F6D1746BEF9008C06C6 /* MicroblogsService.m */ = {isa = PBXFileReference; fileEncoding = 4; lastKnownFileType = sourcecode.c.objc; path = MicroblogsService.m; sourceTree = "<group>"; };
		CC4B4F6F1746BF11008C06C6 /* MicroblogsEntryModel.h */ = {isa = PBXFileReference; fileEncoding = 4; lastKnownFileType = sourcecode.c.h; path = MicroblogsEntryModel.h; sourceTree = "<group>"; };
		CC4B4F701746BF11008C06C6 /* MicroblogsEntryModel.m */ = {isa = PBXFileReference; fileEncoding = 4; lastKnownFileType = sourcecode.c.objc; path = MicroblogsEntryModel.m; sourceTree = "<group>"; };
		CC924490175FC8C30000E97D /* MessagesTableViewController.h */ = {isa = PBXFileReference; fileEncoding = 4; lastKnownFileType = sourcecode.c.h; path = MessagesTableViewController.h; sourceTree = "<group>"; };
		CC924491175FC8C30000E97D /* MessagesTableViewController.m */ = {isa = PBXFileReference; fileEncoding = 4; lastKnownFileType = sourcecode.c.objc; path = MessagesTableViewController.m; sourceTree = "<group>"; };
		CC924494175FCA660000E97D /* UserThreadModel.h */ = {isa = PBXFileReference; fileEncoding = 4; lastKnownFileType = sourcecode.c.h; path = UserThreadModel.h; sourceTree = "<group>"; };
		CC924495175FCA660000E97D /* UserThreadModel.m */ = {isa = PBXFileReference; fileEncoding = 4; lastKnownFileType = sourcecode.c.objc; path = UserThreadModel.m; sourceTree = "<group>"; };
		CC924496175FCA660000E97D /* UserThreadService.h */ = {isa = PBXFileReference; fileEncoding = 4; lastKnownFileType = sourcecode.c.h; path = UserThreadService.h; sourceTree = "<group>"; };
		CC924497175FCA660000E97D /* UserThreadService.m */ = {isa = PBXFileReference; fileEncoding = 4; lastKnownFileType = sourcecode.c.objc; path = UserThreadService.m; sourceTree = "<group>"; };
		CC92449B175FCCFD0000E97D /* GetUserThreadsDelegate.h */ = {isa = PBXFileReference; fileEncoding = 4; lastKnownFileType = sourcecode.c.h; path = GetUserThreadsDelegate.h; sourceTree = "<group>"; };
		CC92449C175FCCFD0000E97D /* GetUserThreadsDelegate.m */ = {isa = PBXFileReference; fileEncoding = 4; lastKnownFileType = sourcecode.c.objc; path = GetUserThreadsDelegate.m; sourceTree = "<group>"; };
		CC92449E175FE2360000E97D /* MBMessageModel.h */ = {isa = PBXFileReference; fileEncoding = 4; lastKnownFileType = sourcecode.c.h; path = MBMessageModel.h; sourceTree = "<group>"; };
		CC92449F175FE2360000E97D /* MBMessageModel.m */ = {isa = PBXFileReference; fileEncoding = 4; lastKnownFileType = sourcecode.c.objc; path = MBMessageModel.m; sourceTree = "<group>"; };
		CCAB24BB17443E48001F0F3D /* Liferay Social.app */ = {isa = PBXFileReference; explicitFileType = wrapper.application; includeInIndex = 0; path = "Liferay Social.app"; sourceTree = BUILT_PRODUCTS_DIR; };
		CCAB24BE17443E48001F0F3D /* UIKit.framework */ = {isa = PBXFileReference; lastKnownFileType = wrapper.framework; name = UIKit.framework; path = System/Library/Frameworks/UIKit.framework; sourceTree = SDKROOT; };
		CCAB24C017443E48001F0F3D /* Foundation.framework */ = {isa = PBXFileReference; lastKnownFileType = wrapper.framework; name = Foundation.framework; path = System/Library/Frameworks/Foundation.framework; sourceTree = SDKROOT; };
		CCAB24C217443E48001F0F3D /* CoreGraphics.framework */ = {isa = PBXFileReference; lastKnownFileType = wrapper.framework; name = CoreGraphics.framework; path = System/Library/Frameworks/CoreGraphics.framework; sourceTree = SDKROOT; };
		CCB2A2D9174D455A006C3486 /* ContactsTableViewController.h */ = {isa = PBXFileReference; fileEncoding = 4; lastKnownFileType = sourcecode.c.h; path = ContactsTableViewController.h; sourceTree = "<group>"; };
		CCB2A2DA174D455A006C3486 /* ContactsTableViewController.m */ = {isa = PBXFileReference; fileEncoding = 4; lastKnownFileType = sourcecode.c.objc; path = ContactsTableViewController.m; sourceTree = "<group>"; };
		CCB2A2DD174D566B006C3486 /* UserModel.h */ = {isa = PBXFileReference; fileEncoding = 4; lastKnownFileType = sourcecode.c.h; path = UserModel.h; sourceTree = "<group>"; };
		CCB2A2DE174D566B006C3486 /* UserModel.m */ = {isa = PBXFileReference; fileEncoding = 4; lastKnownFileType = sourcecode.c.objc; path = UserModel.m; sourceTree = "<group>"; };
		CCB2A2DF174D566B006C3486 /* ContactsService.h */ = {isa = PBXFileReference; fileEncoding = 4; lastKnownFileType = sourcecode.c.h; path = ContactsService.h; sourceTree = "<group>"; };
		CCB2A2E0174D566B006C3486 /* ContactsService.m */ = {isa = PBXFileReference; fileEncoding = 4; lastKnownFileType = sourcecode.c.objc; path = ContactsService.m; sourceTree = "<group>"; };
		CCB2A2E5174D5C51006C3486 /* GetMicroblogsEntriesDelegate.h */ = {isa = PBXFileReference; fileEncoding = 4; lastKnownFileType = sourcecode.c.h; path = GetMicroblogsEntriesDelegate.h; sourceTree = "<group>"; };
		CCB2A2E6174D5C51006C3486 /* GetMicroblogsEntriesDelegate.m */ = {isa = PBXFileReference; fileEncoding = 4; lastKnownFileType = sourcecode.c.objc; path = GetMicroblogsEntriesDelegate.m; sourceTree = "<group>"; };
		CCB2A2E8174D5CE8006C3486 /* GetGroupUsersDelegate.h */ = {isa = PBXFileReference; fileEncoding = 4; lastKnownFileType = sourcecode.c.h; path = GetGroupUsersDelegate.h; sourceTree = "<group>"; };
		CCB2A2E9174D5CE8006C3486 /* GetGroupUsersDelegate.m */ = {isa = PBXFileReference; fileEncoding = 4; lastKnownFileType = sourcecode.c.objc; path = GetGroupUsersDelegate.m; sourceTree = "<group>"; };
		CCE3A792174440D80022B6BF /* LiferaySocialAppDelegate.h */ = {isa = PBXFileReference; fileEncoding = 4; lastKnownFileType = sourcecode.c.h; path = LiferaySocialAppDelegate.h; sourceTree = "<group>"; };
		CCE3A793174440D80022B6BF /* LiferaySocialAppDelegate.m */ = {isa = PBXFileReference; fileEncoding = 4; lastKnownFileType = sourcecode.c.objc; path = LiferaySocialAppDelegate.m; sourceTree = "<group>"; };
		CCE3A798174440D80022B6BF /* first.png */ = {isa = PBXFileReference; lastKnownFileType = image.png; path = first.png; sourceTree = "<group>"; };
		CCE3A799174440D80022B6BF /* first@2x.png */ = {isa = PBXFileReference; lastKnownFileType = image.png; path = "first@2x.png"; sourceTree = "<group>"; };
		CCE3A79D174440D80022B6BF /* Liferay Social-Info.plist */ = {isa = PBXFileReference; fileEncoding = 4; lastKnownFileType = text.plist.xml; path = "Liferay Social-Info.plist"; sourceTree = "<group>"; };
		CCE3A79E174440D80022B6BF /* Liferay Social-Prefix.pch */ = {isa = PBXFileReference; fileEncoding = 4; lastKnownFileType = sourcecode.c.h; path = "Liferay Social-Prefix.pch"; sourceTree = "<group>"; };
		CCE3A79F174440D80022B6BF /* main.m */ = {isa = PBXFileReference; fileEncoding = 4; lastKnownFileType = sourcecode.c.objc; path = main.m; sourceTree = "<group>"; };
		CCE3A7AC174442F80022B6BF /* MicroblogsTableViewController.h */ = {isa = PBXFileReference; fileEncoding = 4; lastKnownFileType = sourcecode.c.h; path = MicroblogsTableViewController.h; sourceTree = "<group>"; };
		CCE3A7AD174442F80022B6BF /* MicroblogsTableViewController.m */ = {isa = PBXFileReference; fileEncoding = 4; lastKnownFileType = sourcecode.c.objc; path = MicroblogsTableViewController.m; sourceTree = "<group>"; };
		CCE3A7B117454A050022B6BF /* AFHTTPClient.h */ = {isa = PBXFileReference; fileEncoding = 4; lastKnownFileType = sourcecode.c.h; path = AFHTTPClient.h; sourceTree = "<group>"; };
		CCE3A7B217454A050022B6BF /* AFHTTPClient.m */ = {isa = PBXFileReference; fileEncoding = 4; lastKnownFileType = sourcecode.c.objc; path = AFHTTPClient.m; sourceTree = "<group>"; };
		CCE3A7B317454A050022B6BF /* AFHTTPRequestOperation.h */ = {isa = PBXFileReference; fileEncoding = 4; lastKnownFileType = sourcecode.c.h; path = AFHTTPRequestOperation.h; sourceTree = "<group>"; };
		CCE3A7B417454A050022B6BF /* AFHTTPRequestOperation.m */ = {isa = PBXFileReference; fileEncoding = 4; lastKnownFileType = sourcecode.c.objc; path = AFHTTPRequestOperation.m; sourceTree = "<group>"; };
		CCE3A7B517454A050022B6BF /* AFImageRequestOperation.h */ = {isa = PBXFileReference; fileEncoding = 4; lastKnownFileType = sourcecode.c.h; path = AFImageRequestOperation.h; sourceTree = "<group>"; };
		CCE3A7B617454A050022B6BF /* AFImageRequestOperation.m */ = {isa = PBXFileReference; fileEncoding = 4; lastKnownFileType = sourcecode.c.objc; path = AFImageRequestOperation.m; sourceTree = "<group>"; };
		CCE3A7B717454A050022B6BF /* AFJSONRequestOperation.h */ = {isa = PBXFileReference; fileEncoding = 4; lastKnownFileType = sourcecode.c.h; path = AFJSONRequestOperation.h; sourceTree = "<group>"; };
		CCE3A7B817454A050022B6BF /* AFJSONRequestOperation.m */ = {isa = PBXFileReference; fileEncoding = 4; lastKnownFileType = sourcecode.c.objc; path = AFJSONRequestOperation.m; sourceTree = "<group>"; };
		CCE3A7B917454A050022B6BF /* AFNetworkActivityIndicatorManager.h */ = {isa = PBXFileReference; fileEncoding = 4; lastKnownFileType = sourcecode.c.h; path = AFNetworkActivityIndicatorManager.h; sourceTree = "<group>"; };
		CCE3A7BA17454A050022B6BF /* AFNetworkActivityIndicatorManager.m */ = {isa = PBXFileReference; fileEncoding = 4; lastKnownFileType = sourcecode.c.objc; path = AFNetworkActivityIndicatorManager.m; sourceTree = "<group>"; };
		CCE3A7BB17454A050022B6BF /* AFNetworking.h */ = {isa = PBXFileReference; fileEncoding = 4; lastKnownFileType = sourcecode.c.h; path = AFNetworking.h; sourceTree = "<group>"; };
		CCE3A7BC17454A050022B6BF /* AFPropertyListRequestOperation.h */ = {isa = PBXFileReference; fileEncoding = 4; lastKnownFileType = sourcecode.c.h; path = AFPropertyListRequestOperation.h; sourceTree = "<group>"; };
		CCE3A7BD17454A050022B6BF /* AFPropertyListRequestOperation.m */ = {isa = PBXFileReference; fileEncoding = 4; lastKnownFileType = sourcecode.c.objc; path = AFPropertyListRequestOperation.m; sourceTree = "<group>"; };
		CCE3A7BE17454A050022B6BF /* AFURLConnectionOperation.h */ = {isa = PBXFileReference; fileEncoding = 4; lastKnownFileType = sourcecode.c.h; path = AFURLConnectionOperation.h; sourceTree = "<group>"; };
		CCE3A7BF17454A050022B6BF /* AFURLConnectionOperation.m */ = {isa = PBXFileReference; fileEncoding = 4; lastKnownFileType = sourcecode.c.objc; path = AFURLConnectionOperation.m; sourceTree = "<group>"; };
		CCE3A7C017454A050022B6BF /* AFXMLRequestOperation.h */ = {isa = PBXFileReference; fileEncoding = 4; lastKnownFileType = sourcecode.c.h; path = AFXMLRequestOperation.h; sourceTree = "<group>"; };
		CCE3A7C117454A050022B6BF /* AFXMLRequestOperation.m */ = {isa = PBXFileReference; fileEncoding = 4; lastKnownFileType = sourcecode.c.objc; path = AFXMLRequestOperation.m; sourceTree = "<group>"; };
		CCE3A7C217454A050022B6BF /* UIImageView+AFNetworking.h */ = {isa = PBXFileReference; fileEncoding = 4; lastKnownFileType = sourcecode.c.h; path = "UIImageView+AFNetworking.h"; sourceTree = "<group>"; };
		CCE3A7C317454A050022B6BF /* UIImageView+AFNetworking.m */ = {isa = PBXFileReference; fileEncoding = 4; lastKnownFileType = sourcecode.c.objc; path = "UIImageView+AFNetworking.m"; sourceTree = "<group>"; };
		CCE3A7CD17454AB20022B6BF /* MobileCoreServices.framework */ = {isa = PBXFileReference; lastKnownFileType = wrapper.framework; name = MobileCoreServices.framework; path = System/Library/Frameworks/MobileCoreServices.framework; sourceTree = SDKROOT; };
		CCE3A7CE17454AB20022B6BF /* SystemConfiguration.framework */ = {isa = PBXFileReference; lastKnownFileType = wrapper.framework; name = SystemConfiguration.framework; path = System/Library/Frameworks/SystemConfiguration.framework; sourceTree = SDKROOT; };
/* End PBXFileReference section */

/* Begin PBXFrameworksBuildPhase section */
		CCAB24B817443E48001F0F3D /* Frameworks */ = {
			isa = PBXFrameworksBuildPhase;
			buildActionMask = 2147483647;
			files = (
				CCE3A7CF17454AB20022B6BF /* MobileCoreServices.framework in Frameworks */,
				CCE3A7D017454AB20022B6BF /* SystemConfiguration.framework in Frameworks */,
				CCAB24BF17443E48001F0F3D /* UIKit.framework in Frameworks */,
				CCAB24C117443E48001F0F3D /* Foundation.framework in Frameworks */,
				CCAB24C317443E48001F0F3D /* CoreGraphics.framework in Frameworks */,
			);
			runOnlyForDeploymentPostprocessing = 0;
		};
/* End PBXFrameworksBuildPhase section */

/* Begin PBXGroup section */
		CC31CBB417454C64006CDD4B /* Util */ = {
			isa = PBXGroup;
			children = (
				CC31CBB517454C64006CDD4B /* Http */,
				CC31CBD4174550D3006CDD4B /* HandleException.h */,
				CC31CBD5174550D3006CDD4B /* HandleException.m */,
				CC31CBBF17454E11006CDD4B /* PrefsUtil.h */,
				CC31CBC017454E11006CDD4B /* PrefsUtil.m */,
				CC31CBC217454E78006CDD4B /* Validator.h */,
				CC31CBC317454E78006CDD4B /* Validator.m */,
			);
			path = Util;
			sourceTree = "<group>";
		};
		CC31CBB517454C64006CDD4B /* Http */ = {
			isa = PBXGroup;
			children = (
				CC31CBB617454C64006CDD4B /* AsyncRequest.h */,
				CC31CBB717454C64006CDD4B /* AsyncRequest.m */,
				CC31CBB817454C64006CDD4B /* HttpClient.h */,
				CC31CBB917454C64006CDD4B /* HttpClient.m */,
			);
			path = Http;
			sourceTree = "<group>";
		};
		CC31CBC517454EBD006CDD4B /* Categories */ = {
			isa = PBXGroup;
			children = (
				CC31CBC617454EBD006CDD4B /* UIView+Loading.h */,
				CC31CBC717454EBD006CDD4B /* UIView+Loading.m */,
			);
			path = Categories;
			sourceTree = "<group>";
		};
		CC31CBCC17454EF2006CDD4B /* MBProgressHUD */ = {
			isa = PBXGroup;
			children = (
				CC31CBCD17454EF2006CDD4B /* MBProgressHUD.h */,
				CC31CBCE17454EF2006CDD4B /* MBProgressHUD.m */,
			);
			path = MBProgressHUD;
			sourceTree = "<group>";
		};
		CC31CBD017455097006CDD4B /* Portal Services */ = {
			isa = PBXGroup;
			children = (
				CCB2A2DC174D566B006C3486 /* Contacts */,
				CC924493175FCA660000E97D /* Messages */,
				CC4B4F6B1746BEF9008C06C6 /* Microblogs */,
				CC31CBD117455097006CDD4B /* BaseService.h */,
				CC31CBD217455097006CDD4B /* BaseService.m */,
			);
			path = "Portal Services";
			sourceTree = "<group>";
		};
		CC31CBD7174550FA006CDD4B /* SBJson */ = {
			isa = PBXGroup;
			children = (
				CC31CBD8174550FA006CDD4B /* JSON.h */,
				CC31CBD9174550FA006CDD4B /* NSObject+SBJSON.h */,
				CC31CBDA174550FA006CDD4B /* NSObject+SBJSON.m */,
				CC31CBDB174550FA006CDD4B /* NSString+SBJSON.h */,
				CC31CBDC174550FA006CDD4B /* NSString+SBJSON.m */,
				CC31CBDD174550FA006CDD4B /* SBJsonBase.h */,
				CC31CBDE174550FA006CDD4B /* SBJsonBase.m */,
				CC31CBDF174550FA006CDD4B /* SBJsonParser.h */,
				CC31CBE0174550FA006CDD4B /* SBJsonParser.m */,
				CC31CBE1174550FA006CDD4B /* SBJsonWriter.h */,
				CC31CBE2174550FA006CDD4B /* SBJsonWriter.m */,
			);
			path = SBJson;
			sourceTree = "<group>";
		};
		CC4B4F6B1746BEF9008C06C6 /* Microblogs */ = {
			isa = PBXGroup;
			children = (
				CC4B4F6F1746BF11008C06C6 /* MicroblogsEntryModel.h */,
				CC4B4F701746BF11008C06C6 /* MicroblogsEntryModel.m */,
				CC4B4F6C1746BEF9008C06C6 /* MicroblogsService.h */,
				CC4B4F6D1746BEF9008C06C6 /* MicroblogsService.m */,
			);
			path = Microblogs;
			sourceTree = "<group>";
		};
		CC924493175FCA660000E97D /* Messages */ = {
			isa = PBXGroup;
			children = (
				CC92449E175FE2360000E97D /* MBMessageModel.h */,
				CC92449F175FE2360000E97D /* MBMessageModel.m */,
				CC924494175FCA660000E97D /* UserThreadModel.h */,
				CC924495175FCA660000E97D /* UserThreadModel.m */,
				CC924496175FCA660000E97D /* UserThreadService.h */,
				CC924497175FCA660000E97D /* UserThreadService.m */,
			);
			path = Messages;
			sourceTree = "<group>";
		};
		CC92449A175FCCFD0000E97D /* Messages */ = {
			isa = PBXGroup;
			children = (
				CC92449B175FCCFD0000E97D /* GetUserThreadsDelegate.h */,
				CC92449C175FCCFD0000E97D /* GetUserThreadsDelegate.m */,
			);
			path = Messages;
			sourceTree = "<group>";
		};
		CCAB24B217443E48001F0F3D = {
			isa = PBXGroup;
			children = (
				CCAB24C417443E48001F0F3D /* Liferay Social */,
				CCAB24BD17443E48001F0F3D /* Frameworks */,
				CCAB24BC17443E48001F0F3D /* Products */,
			);
			sourceTree = "<group>";
		};
		CCAB24BC17443E48001F0F3D /* Products */ = {
			isa = PBXGroup;
			children = (
				CCAB24BB17443E48001F0F3D /* Liferay Social.app */,
			);
			name = Products;
			sourceTree = "<group>";
		};
		CCAB24BD17443E48001F0F3D /* Frameworks */ = {
			isa = PBXGroup;
			children = (
				CCAB24C217443E48001F0F3D /* CoreGraphics.framework */,
				CCAB24C017443E48001F0F3D /* Foundation.framework */,
				CCE3A7CD17454AB20022B6BF /* MobileCoreServices.framework */,
				CCE3A7CE17454AB20022B6BF /* SystemConfiguration.framework */,
				CCAB24BE17443E48001F0F3D /* UIKit.framework */,
			);
			name = Frameworks;
			sourceTree = "<group>";
		};
		CCAB24C417443E48001F0F3D /* Liferay Social */ = {
			isa = PBXGroup;
			children = (
				CC31CBC517454EBD006CDD4B /* Categories */,
				CCE3A78C174440D80022B6BF /* Controllers */,
				CCE3A791174440D80022B6BF /* Delegates */,
				CCE3A794174440D80022B6BF /* Images */,
				CCE3A7AF17454A050022B6BF /* Libraries */,
				CC31CBD017455097006CDD4B /* Portal Services */,
				CCE3A79C174440D80022B6BF /* Supporting Files */,
				CC31CBB417454C64006CDD4B /* Util */,
			);
			path = "Liferay Social";
			sourceTree = "<group>";
		};
		CCB2A2DC174D566B006C3486 /* Contacts */ = {
			isa = PBXGroup;
			children = (
				CCB2A2DD174D566B006C3486 /* UserModel.h */,
				CCB2A2DE174D566B006C3486 /* UserModel.m */,
				CCB2A2DF174D566B006C3486 /* ContactsService.h */,
				CCB2A2E0174D566B006C3486 /* ContactsService.m */,
			);
			path = Contacts;
			sourceTree = "<group>";
		};
		CCB2A2E3174D5C51006C3486 /* Contacts */ = {
			isa = PBXGroup;
			children = (
				CCB2A2E8174D5CE8006C3486 /* GetGroupUsersDelegate.h */,
				CCB2A2E9174D5CE8006C3486 /* GetGroupUsersDelegate.m */,
			);
			path = Contacts;
			sourceTree = "<group>";
		};
		CCB2A2E4174D5C51006C3486 /* Microblogs */ = {
			isa = PBXGroup;
			children = (
				CCB2A2E5174D5C51006C3486 /* GetMicroblogsEntriesDelegate.h */,
				CCB2A2E6174D5C51006C3486 /* GetMicroblogsEntriesDelegate.m */,
			);
			path = Microblogs;
			sourceTree = "<group>";
		};
		CCE3A78C174440D80022B6BF /* Controllers */ = {
			isa = PBXGroup;
			children = (
				CCB2A2D9174D455A006C3486 /* ContactsTableViewController.h */,
				CCB2A2DA174D455A006C3486 /* ContactsTableViewController.m */,
				CC924490175FC8C30000E97D /* MessagesTableViewController.h */,
				CC924491175FC8C30000E97D /* MessagesTableViewController.m */,
				CCE3A7AC174442F80022B6BF /* MicroblogsTableViewController.h */,
				CCE3A7AD174442F80022B6BF /* MicroblogsTableViewController.m */,
			);
			path = Controllers;
			sourceTree = "<group>";
		};
		CCE3A791174440D80022B6BF /* Delegates */ = {
			isa = PBXGroup;
			children = (
				CCB2A2E3174D5C51006C3486 /* Contacts */,
				CC92449A175FCCFD0000E97D /* Messages */,
				CCB2A2E4174D5C51006C3486 /* Microblogs */,
				CCE3A792174440D80022B6BF /* LiferaySocialAppDelegate.h */,
				CCE3A793174440D80022B6BF /* LiferaySocialAppDelegate.m */,
				CC31CBBC17454C89006CDD4B /* ProgressDelegate.h */,
				CC31CBBD17454C89006CDD4B /* ProgressDelegate.m */,
			);
			path = Delegates;
			sourceTree = "<group>";
		};
		CCE3A794174440D80022B6BF /* Images */ = {
			isa = PBXGroup;
			children = (
				CCE3A798174440D80022B6BF /* first.png */,
				CCE3A799174440D80022B6BF /* first@2x.png */,
			);
			path = Images;
			sourceTree = "<group>";
		};
		CCE3A79C174440D80022B6BF /* Supporting Files */ = {
			isa = PBXGroup;
			children = (
				CCE3A79D174440D80022B6BF /* Liferay Social-Info.plist */,
				CCE3A79E174440D80022B6BF /* Liferay Social-Prefix.pch */,
				CCE3A79F174440D80022B6BF /* main.m */,
			);
			path = "Supporting Files";
			sourceTree = "<group>";
		};
		CCE3A7AF17454A050022B6BF /* Libraries */ = {
			isa = PBXGroup;
			children = (
				CC31CBD7174550FA006CDD4B /* SBJson */,
				CCE3A7B017454A050022B6BF /* AFNetworking */,
				CC31CBCC17454EF2006CDD4B /* MBProgressHUD */,
			);
			path = Libraries;
			sourceTree = "<group>";
		};
		CCE3A7B017454A050022B6BF /* AFNetworking */ = {
			isa = PBXGroup;
			children = (
				CCE3A7B117454A050022B6BF /* AFHTTPClient.h */,
				CCE3A7B217454A050022B6BF /* AFHTTPClient.m */,
				CCE3A7B317454A050022B6BF /* AFHTTPRequestOperation.h */,
				CCE3A7B417454A050022B6BF /* AFHTTPRequestOperation.m */,
				CCE3A7B517454A050022B6BF /* AFImageRequestOperation.h */,
				CCE3A7B617454A050022B6BF /* AFImageRequestOperation.m */,
				CCE3A7B717454A050022B6BF /* AFJSONRequestOperation.h */,
				CCE3A7B817454A050022B6BF /* AFJSONRequestOperation.m */,
				CCE3A7B917454A050022B6BF /* AFNetworkActivityIndicatorManager.h */,
				CCE3A7BA17454A050022B6BF /* AFNetworkActivityIndicatorManager.m */,
				CCE3A7BB17454A050022B6BF /* AFNetworking.h */,
				CCE3A7BC17454A050022B6BF /* AFPropertyListRequestOperation.h */,
				CCE3A7BD17454A050022B6BF /* AFPropertyListRequestOperation.m */,
				CCE3A7BE17454A050022B6BF /* AFURLConnectionOperation.h */,
				CCE3A7BF17454A050022B6BF /* AFURLConnectionOperation.m */,
				CCE3A7C017454A050022B6BF /* AFXMLRequestOperation.h */,
				CCE3A7C117454A050022B6BF /* AFXMLRequestOperation.m */,
				CCE3A7C217454A050022B6BF /* UIImageView+AFNetworking.h */,
				CCE3A7C317454A050022B6BF /* UIImageView+AFNetworking.m */,
			);
			path = AFNetworking;
			sourceTree = "<group>";
		};
/* End PBXGroup section */

/* Begin PBXNativeTarget section */
		CCAB24BA17443E48001F0F3D /* Liferay Social */ = {
			isa = PBXNativeTarget;
			buildConfigurationList = CCAB24F217443E48001F0F3D /* Build configuration list for PBXNativeTarget "Liferay Social" */;
			buildPhases = (
				CCAB24B717443E48001F0F3D /* Sources */,
				CCAB24B817443E48001F0F3D /* Frameworks */,
				CCAB24B917443E48001F0F3D /* Resources */,
			);
			buildRules = (
			);
			dependencies = (
			);
			name = "Liferay Social";
			productName = "Liferay Social";
			productReference = CCAB24BB17443E48001F0F3D /* Liferay Social.app */;
			productType = "com.apple.product-type.application";
		};
/* End PBXNativeTarget section */

/* Begin PBXProject section */
		CCAB24B317443E48001F0F3D /* Project object */ = {
			isa = PBXProject;
			attributes = {
				LastUpgradeCheck = 0460;
				ORGANIZATIONNAME = "Bruno Farache";
			};
			buildConfigurationList = CCAB24B617443E48001F0F3D /* Build configuration list for PBXProject "Liferay Social" */;
			compatibilityVersion = "Xcode 3.2";
			developmentRegion = English;
			hasScannedForEncodings = 0;
			knownRegions = (
				en,
			);
			mainGroup = CCAB24B217443E48001F0F3D;
			productRefGroup = CCAB24BC17443E48001F0F3D /* Products */;
			projectDirPath = "";
			projectRoot = "";
			targets = (
				CCAB24BA17443E48001F0F3D /* Liferay Social */,
			);
		};
/* End PBXProject section */

/* Begin PBXResourcesBuildPhase section */
		CCAB24B917443E48001F0F3D /* Resources */ = {
			isa = PBXResourcesBuildPhase;
			buildActionMask = 2147483647;
			files = (
				CCE3A7A6174440D80022B6BF /* first.png in Resources */,
				CCE3A7A7174440D80022B6BF /* first@2x.png in Resources */,
				CCE3A7AA174440D80022B6BF /* Liferay Social-Info.plist in Resources */,
			);
			runOnlyForDeploymentPostprocessing = 0;
		};
/* End PBXResourcesBuildPhase section */

/* Begin PBXSourcesBuildPhase section */
		CCAB24B717443E48001F0F3D /* Sources */ = {
			isa = PBXSourcesBuildPhase;
			buildActionMask = 2147483647;
			files = (
				CCE3A7A2174440D80022B6BF /* LiferaySocialAppDelegate.m in Sources */,
				CCE3A7AB174440D80022B6BF /* main.m in Sources */,
				CCE3A7AE174442F80022B6BF /* MicroblogsTableViewController.m in Sources */,
				CCE3A7C417454A050022B6BF /* AFHTTPClient.m in Sources */,
				CCE3A7C517454A050022B6BF /* AFHTTPRequestOperation.m in Sources */,
				CCE3A7C617454A050022B6BF /* AFImageRequestOperation.m in Sources */,
				CCE3A7C717454A050022B6BF /* AFJSONRequestOperation.m in Sources */,
				CCE3A7C817454A050022B6BF /* AFNetworkActivityIndicatorManager.m in Sources */,
				CCE3A7C917454A050022B6BF /* AFPropertyListRequestOperation.m in Sources */,
				CCE3A7CA17454A050022B6BF /* AFURLConnectionOperation.m in Sources */,
				CCE3A7CB17454A050022B6BF /* AFXMLRequestOperation.m in Sources */,
				CCE3A7CC17454A050022B6BF /* UIImageView+AFNetworking.m in Sources */,
				CC31CBBA17454C64006CDD4B /* AsyncRequest.m in Sources */,
				CC31CBBB17454C64006CDD4B /* HttpClient.m in Sources */,
				CC31CBBE17454C89006CDD4B /* ProgressDelegate.m in Sources */,
				CC31CBC117454E11006CDD4B /* PrefsUtil.m in Sources */,
				CC31CBC417454E78006CDD4B /* Validator.m in Sources */,
				CC31CBC817454EBD006CDD4B /* UIView+Loading.m in Sources */,
				CC31CBCF17454EF2006CDD4B /* MBProgressHUD.m in Sources */,
				CC31CBD317455097006CDD4B /* BaseService.m in Sources */,
				CC31CBD6174550D3006CDD4B /* HandleException.m in Sources */,
				CC31CBE3174550FA006CDD4B /* NSObject+SBJSON.m in Sources */,
				CC31CBE4174550FA006CDD4B /* NSString+SBJSON.m in Sources */,
				CC31CBE5174550FA006CDD4B /* SBJsonBase.m in Sources */,
				CC31CBE6174550FA006CDD4B /* SBJsonParser.m in Sources */,
				CC31CBE7174550FA006CDD4B /* SBJsonWriter.m in Sources */,
				CC4B4F6E1746BEF9008C06C6 /* MicroblogsService.m in Sources */,
				CC4B4F711746BF11008C06C6 /* MicroblogsEntryModel.m in Sources */,
				CCB2A2DB174D455A006C3486 /* ContactsTableViewController.m in Sources */,
				CCB2A2E1174D566B006C3486 /* UserModel.m in Sources */,
				CCB2A2E2174D566B006C3486 /* ContactsService.m in Sources */,
				CCB2A2E7174D5C51006C3486 /* GetMicroblogsEntriesDelegate.m in Sources */,
				CCB2A2EA174D5CE8006C3486 /* GetGroupUsersDelegate.m in Sources */,
				CC924492175FC8C30000E97D /* MessagesTableViewController.m in Sources */,
				CC924498175FCA660000E97D /* UserThreadModel.m in Sources */,
				CC924499175FCA660000E97D /* UserThreadService.m in Sources */,
				CC92449D175FCCFD0000E97D /* GetUserThreadsDelegate.m in Sources */,
				CC9244A0175FE2360000E97D /* MBMessageModel.m in Sources */,
			);
			runOnlyForDeploymentPostprocessing = 0;
		};
/* End PBXSourcesBuildPhase section */

/* Begin XCBuildConfiguration section */
		CCAB24F017443E48001F0F3D /* Debug */ = {
			isa = XCBuildConfiguration;
			buildSettings = {
				ALWAYS_SEARCH_USER_PATHS = NO;
				CLANG_CXX_LANGUAGE_STANDARD = "gnu++0x";
				CLANG_CXX_LIBRARY = "libc++";
				CLANG_ENABLE_OBJC_ARC = YES;
				CLANG_WARN_CONSTANT_CONVERSION = YES;
				CLANG_WARN_EMPTY_BODY = YES;
				CLANG_WARN_ENUM_CONVERSION = YES;
				CLANG_WARN_INT_CONVERSION = YES;
				CLANG_WARN__DUPLICATE_METHOD_MATCH = YES;
				"CODE_SIGN_IDENTITY[sdk=iphoneos*]" = "iPhone Developer";
				COPY_PHASE_STRIP = NO;
				GCC_C_LANGUAGE_STANDARD = gnu99;
				GCC_DYNAMIC_NO_PIC = NO;
				GCC_OPTIMIZATION_LEVEL = 0;
				GCC_PREPROCESSOR_DEFINITIONS = (
					"DEBUG=1",
					"$(inherited)",
				);
				GCC_SYMBOLS_PRIVATE_EXTERN = NO;
				GCC_WARN_ABOUT_RETURN_TYPE = YES;
				GCC_WARN_UNINITIALIZED_AUTOS = YES;
				GCC_WARN_UNUSED_VARIABLE = YES;
				IPHONEOS_DEPLOYMENT_TARGET = 6.1;
				ONLY_ACTIVE_ARCH = YES;
				SDKROOT = iphoneos;
				TARGETED_DEVICE_FAMILY = "1,2";
			};
			name = Debug;
		};
		CCAB24F117443E48001F0F3D /* Release */ = {
			isa = XCBuildConfiguration;
			buildSettings = {
				ALWAYS_SEARCH_USER_PATHS = NO;
				CLANG_CXX_LANGUAGE_STANDARD = "gnu++0x";
				CLANG_CXX_LIBRARY = "libc++";
				CLANG_ENABLE_OBJC_ARC = YES;
				CLANG_WARN_CONSTANT_CONVERSION = YES;
				CLANG_WARN_EMPTY_BODY = YES;
				CLANG_WARN_ENUM_CONVERSION = YES;
				CLANG_WARN_INT_CONVERSION = YES;
				CLANG_WARN__DUPLICATE_METHOD_MATCH = YES;
				"CODE_SIGN_IDENTITY[sdk=iphoneos*]" = "iPhone Developer";
				COPY_PHASE_STRIP = YES;
				GCC_C_LANGUAGE_STANDARD = gnu99;
				GCC_WARN_ABOUT_RETURN_TYPE = YES;
				GCC_WARN_UNINITIALIZED_AUTOS = YES;
				GCC_WARN_UNUSED_VARIABLE = YES;
				IPHONEOS_DEPLOYMENT_TARGET = 6.1;
				OTHER_CFLAGS = "-DNS_BLOCK_ASSERTIONS=1";
				SDKROOT = iphoneos;
				TARGETED_DEVICE_FAMILY = "1,2";
				VALIDATE_PRODUCT = YES;
			};
			name = Release;
		};
		CCAB24F317443E48001F0F3D /* Debug */ = {
			isa = XCBuildConfiguration;
			buildSettings = {
				GCC_PRECOMPILE_PREFIX_HEADER = YES;
				GCC_PREFIX_HEADER = "Liferay Social/Supporting Files/Liferay Social-Prefix.pch";
				INFOPLIST_FILE = "Liferay Social/Supporting Files/Liferay Social-Info.plist";
				PRODUCT_NAME = "$(TARGET_NAME)";
				WRAPPER_EXTENSION = app;
			};
			name = Debug;
		};
		CCAB24F417443E48001F0F3D /* Release */ = {
			isa = XCBuildConfiguration;
			buildSettings = {
				GCC_PRECOMPILE_PREFIX_HEADER = YES;
				GCC_PREFIX_HEADER = "Liferay Social/Supporting Files/Liferay Social-Prefix.pch";
				INFOPLIST_FILE = "Liferay Social/Supporting Files/Liferay Social-Info.plist";
				PRODUCT_NAME = "$(TARGET_NAME)";
				WRAPPER_EXTENSION = app;
			};
			name = Release;
		};
/* End XCBuildConfiguration section */

/* Begin XCConfigurationList section */
		CCAB24B617443E48001F0F3D /* Build configuration list for PBXProject "Liferay Social" */ = {
			isa = XCConfigurationList;
			buildConfigurations = (
				CCAB24F017443E48001F0F3D /* Debug */,
				CCAB24F117443E48001F0F3D /* Release */,
			);
			defaultConfigurationIsVisible = 0;
			defaultConfigurationName = Release;
		};
		CCAB24F217443E48001F0F3D /* Build configuration list for PBXNativeTarget "Liferay Social" */ = {
			isa = XCConfigurationList;
			buildConfigurations = (
				CCAB24F317443E48001F0F3D /* Debug */,
				CCAB24F417443E48001F0F3D /* Release */,
			);
			defaultConfigurationIsVisible = 0;
			defaultConfigurationName = Release;
		};
/* End XCConfigurationList section */
	};
	rootObject = CCAB24B317443E48001F0F3D /* Project object */;
}
